{"SurveyEntry":{"SurveyID":"SV_1Y2iKa7jcSh4wxU","SurveyName":"CR24_Spring_Our Class Survey","SurveyDescription":null,"SurveyOwnerID":"UR_6muSjgl8zxdVSN6","SurveyBrandID":"tilburgss","DivisionID":null,"SurveyLanguage":"EN","SurveyActiveResponseSet":"RS_6gwzoMCeDjUiHH0","SurveyStatus":"Active","SurveyStartDate":"0000-00-00 00:00:00","SurveyExpirationDate":"0000-00-00 00:00:00","SurveyCreationDate":"2024-05-01 07:51:38","CreatorID":"UR_6muSjgl8zxdVSN6","LastModified":"2024-05-02 03:14:46","LastAccessed":"0000-00-00 00:00:00","LastActivated":"2024-05-01 08:32:55","Deleted":null},"SurveyElements":[{"SurveyID":"SV_1Y2iKa7jcSh4wxU","Element":"BL","PrimaryAttribute":"Survey Blocks","SecondaryAttribute":null,"TertiaryAttribute":null,"Payload":{"0":{"Type":"Default","Description":"Default Question Block","ID":"BL_1Am3SfPH4x9aDl4","BlockElements":[{"Type":"Question","QuestionID":"QID4"},{"Type":"Page Break"},{"Type":"Question","QuestionID":"QID51"},{"Type":"Page Break"},{"Type":"Question","QuestionID":"QID31"}],"Options":{"BlockLocking":"false","RandomizeQuestions":"false","BlockVisibility":"Collapsed"}},"1":{"Type":"Trash","Description":"Trash \/ Unused Questions","ID":"BL_9RDoNoroIsJoV3E","BlockElements":[{"Type":"Question","QuestionID":"QID40"},{"Type":"Question","QuestionID":"QID41"},{"Type":"Question","QuestionID":"QID42"},{"Type":"Question","QuestionID":"QID43"},{"Type":"Question","QuestionID":"QID44"},{"Type":"Question","QuestionID":"QID45"},{"Type":"Question","QuestionID":"QID46"},{"Type":"Question","QuestionID":"QID16"},{"Type":"Question","QuestionID":"QID19"},{"Type":"Question","QuestionID":"QID30"},{"Type":"Question","QuestionID":"QID13"},{"Type":"Question","QuestionID":"QID6"},{"Type":"Question","QuestionID":"QID10"},{"Type":"Question","QuestionID":"QID23"},{"Type":"Question","QuestionID":"QID20"},{"Type":"Question","QuestionID":"QID33"},{"Type":"Question","QuestionID":"QID3"},{"Type":"Question","QuestionID":"QID5"},{"Type":"Question","QuestionID":"QID8"},{"Type":"Question","QuestionID":"QID12"},{"Type":"Question","QuestionID":"QID9"},{"Type":"Question","QuestionID":"QID7"},{"Type":"Question","QuestionID":"QID1"},{"Type":"Question","QuestionID":"QID2"},{"Type":"Question","QuestionID":"QID14"},{"Type":"Question","QuestionID":"QID15"},{"Type":"Question","QuestionID":"QID17"},{"Type":"Question","QuestionID":"QID21"},{"Type":"Question","QuestionID":"QID18"},{"Type":"Question","QuestionID":"QID11"},{"Type":"Question","QuestionID":"QID24"},{"Type":"Question","QuestionID":"QID25"},{"Type":"Question","QuestionID":"QID26"},{"Type":"Question","QuestionID":"QID27"},{"Type":"Question","QuestionID":"QID28"},{"Type":"Question","QuestionID":"QID29"},{"Type":"Question","QuestionID":"QID22"},{"Type":"Question","QuestionID":"QID47"}]},"7":{"Type":"Standard","SubType":"","Description":"Money as Time Worked Immediate ","ID":"BL_1U3mx8cF3TzGGqy","BlockElements":[{"Type":"Question","QuestionID":"QID32"},{"Type":"Page Break"},{"Type":"Question","QuestionID":"QID34"},{"Type":"Page Break"},{"Type":"Question","QuestionID":"QID35"},{"Type":"Question","QuestionID":"QID36"},{"Type":"Page Break"},{"Type":"Question","QuestionID":"QID37"},{"Type":"Question","QuestionID":"QID38"},{"Type":"Question","QuestionID":"QID39"}],"Options":{"BlockLocking":"false","RandomizeQuestions":"false","BlockVisibility":"Collapsed"}},"10":{"Type":"Standard","SubType":"","Description":"Moderators and Demographics","ID":"BL_0eplD6vG1lLCACO","BlockElements":[{"Type":"Page Break"},{"Type":"Question","QuestionID":"QID50"},{"Type":"Page Break"},{"Type":"Question","QuestionID":"QID48"},{"Type":"Question","QuestionID":"QID49"},{"Type":"Page Break"}],"Options":{"BlockLocking":"false","RandomizeQuestions":"false","BlockVisibility":"Collapsed"}},"11":{"Type":"Standard","SubType":"","Description":"Money Immediate ","ID":"BL_1ObTSsUHlGBDQoK","BlockElements":[{"Type":"Question","QuestionID":"QID52"},{"Type":"Page Break"},{"Type":"Question","QuestionID":"QID53"},{"Type":"Page Break"},{"Type":"Question","QuestionID":"QID54"},{"Type":"Question","QuestionID":"QID55"},{"Type":"Page Break"},{"Type":"Question","QuestionID":"QID56"},{"Type":"Question","QuestionID":"QID57"},{"Type":"Question","QuestionID":"QID58"}],"Options":{"BlockLocking":false,"RandomizeQuestions":"false","BlockVisibility":"Collapsed"}},"12":{"Type":"Standard","SubType":"","Description":"Money as Time Long Term","ID":"BL_9pKCP97Bt2Iyk7Q","BlockElements":[{"Type":"Question","QuestionID":"QID59"},{"Type":"Page Break"},{"Type":"Question","QuestionID":"QID60"},{"Type":"Page Break"},{"Type":"Question","QuestionID":"QID61"},{"Type":"Question","QuestionID":"QID62"},{"Type":"Page Break"},{"Type":"Question","QuestionID":"QID63"},{"Type":"Question","QuestionID":"QID64"},{"Type":"Question","QuestionID":"QID65"}],"Options":{"BlockLocking":false,"RandomizeQuestions":"false","BlockVisibility":"Collapsed"}},"13":{"Type":"Standard","SubType":"","Description":"Money long term","ID":"BL_agZdkzkL7xJCUZ0","BlockElements":[{"Type":"Question","QuestionID":"QID66"},{"Type":"Page Break"},{"Type":"Question","QuestionID":"QID67"},{"Type":"Page Break"},{"Type":"Question","QuestionID":"QID68"},{"Type":"Question","QuestionID":"QID69"},{"Type":"Page Break"},{"Type":"Question","QuestionID":"QID70"},{"Type":"Question","QuestionID":"QID71"},{"Type":"Question","QuestionID":"QID72"}],"Options":{"BlockLocking":false,"RandomizeQuestions":"false","BlockVisibility":"Collapsed"}}}},{"SurveyID":"SV_1Y2iKa7jcSh4wxU","Element":"FL","PrimaryAttribute":"Survey Flow","SecondaryAttribute":null,"TertiaryAttribute":null,"Payload":{"Type":"Root","FlowID":"FL_1","Flow":[{"Type":"Block","ID":"BL_1Am3SfPH4x9aDl4","FlowID":"FL_2","Autofill":[]},{"Type":"BlockRandomizer","FlowID":"FL_5","SubSet":1,"EvenPresentation":true,"Flow":[{"Type":"Standard","ID":"BL_1U3mx8cF3TzGGqy","FlowID":"FL_15","Autofill":[]},{"Type":"Standard","ID":"BL_9pKCP97Bt2Iyk7Q","FlowID":"FL_21","Autofill":[]},{"Type":"Standard","ID":"BL_1ObTSsUHlGBDQoK","FlowID":"FL_20","Autofill":[]},{"Type":"Standard","ID":"BL_agZdkzkL7xJCUZ0","FlowID":"FL_22","Autofill":[]}]},{"Type":"Standard","ID":"BL_0eplD6vG1lLCACO","FlowID":"FL_18","Autofill":[]},{"Type":"EndSurvey","FlowID":"FL_19","EndingType":"Advanced","Options":{"Advanced":"true","SurveyTermination":"Redirect","EOSRedirectURL":"https:\/\/connect.cloudresearch.com\/participant\/project\/532ce69269bc44f98980d68323944320\/complete"}}],"Properties":{"Count":22,"RemovedFieldsets":[]}}},{"SurveyID":"SV_1Y2iKa7jcSh4wxU","Element":"PL","PrimaryAttribute":"Preview Link","SecondaryAttribute":null,"TertiaryAttribute":null,"Payload":{"PreviewType":"Brand","PreviewID":"ed69dfc9-cb33-4873-bd1d-c53d629ef00b"}},{"SurveyID":"SV_1Y2iKa7jcSh4wxU","Element":"RS","PrimaryAttribute":"RS_6gwzoMCeDjUiHH0","SecondaryAttribute":null,"TertiaryAttribute":null,"Payload":null},{"SurveyID":"SV_1Y2iKa7jcSh4wxU","Element":"SO","PrimaryAttribute":"Survey Options","SecondaryAttribute":null,"TertiaryAttribute":null,"Payload":{"BackButton":"true","SaveAndContinue":"true","SurveyProtection":"PublicSurvey","BallotBoxStuffingPrevention":"false","NoIndex":"Yes","SecureResponseFiles":"true","SurveyExpiration":"None","SurveyTermination":"DefaultMessage","Header":"","Footer":"","ProgressBarDisplay":"None","PartialData":"+1 week","ValidationMessage":null,"PreviousButton":"","NextButton":"","SurveyTitle":"Qualtrics Survey | Qualtrics Experience Management","SkinLibrary":"tilburgss","SkinType":"templated","Skin":{"brandingId":"7609407118","templateId":"*base","overrides":null},"NewScoring":1,"SurveyMetaDescription":"The most powerful, simple and trusted way to gather experience data. Start your journey to experience management and try a free account today.","EOSMessage":null,"ShowExportTags":"false","CollectGeoLocation":"false","PasswordProtection":"No","AnonymizeResponse":"Yes","RefererCheck":"No","UseCustomSurveyLinkCompletedMessage":null,"SurveyLinkCompletedMessage":null,"SurveyLinkCompletedMessageLibrary":null,"ResponseSummary":"No","EOSMessageLibrary":null,"EOSRedirectURL":null,"EmailThankYou":"false","ThankYouEmailMessageLibrary":null,"ThankYouEmailMessage":null,"ValidateMessage":"false","ValidationMessageLibrary":null,"InactiveSurvey":"DefaultMessage","PartialDeletion":null,"PartialDataCloseAfter":"LastActivity","InactiveMessageLibrary":null,"InactiveMessage":null,"AvailableLanguages":{"EN":[]},"ProtectSelectionIds":true,"SurveyName":"CR24_Spring_Our Class Survey"}},{"SurveyID":"SV_1Y2iKa7jcSh4wxU","Element":"QGO","PrimaryAttribute":"QGO_QuotaGroupOrder","SecondaryAttribute":null,"TertiaryAttribute":null,"Payload":["QG_GpPaBUdl4uPm8OS"]},{"SurveyID":"SV_1Y2iKa7jcSh4wxU","Element":"SCO","PrimaryAttribute":"Scoring","SecondaryAttribute":null,"TertiaryAttribute":null,"Payload":{"ScoringCategories":[],"ScoringCategoryGroups":[],"ScoringSummaryCategory":null,"ScoringSummaryAfterQuestions":0,"ScoringSummaryAfterSurvey":0,"DefaultScoringCategory":null,"AutoScoringCategory":null}},{"SurveyID":"SV_1Y2iKa7jcSh4wxU","Element":"PROJ","PrimaryAttribute":"CORE","SecondaryAttribute":null,"TertiaryAttribute":"1.1.0","Payload":{"ProjectCategory":"CORE","SchemaVersion":"1.1.0"}},{"SurveyID":"SV_1Y2iKa7jcSh4wxU","Element":"STAT","PrimaryAttribute":"Survey Statistics","SecondaryAttribute":null,"TertiaryAttribute":null,"Payload":{"MobileCompatible":true,"ID":"Survey Statistics"}},{"SurveyID":"SV_1Y2iKa7jcSh4wxU","Element":"QC","PrimaryAttribute":"Survey Question Count","SecondaryAttribute":"72","TertiaryAttribute":null,"Payload":null},{"SurveyID":"SV_1Y2iKa7jcSh4wxU","Element":"SQ","PrimaryAttribute":"QID46","SecondaryAttribute":"A donation of my money to this charity reflects a part of who I am as a person.","TertiaryAttribute":null,"Payload":{"QuestionText":"<div>A donation of my money to this charity reflects a part of who I am as a person.<br><\/div>","DefaultChoices":false,"QuestionType":"MC","Selector":"SAHR","SubSelector":"TX","DataVisibility":{"Private":false,"Hidden":false},"Configuration":{"QuestionDescriptionOption":"UseText","LabelPosition":"BELOW"},"QuestionDescription":"A donation of my money to this charity reflects a part of who I am as a person.","Choices":{"1":{"Display":"Strongly disagree <br> 1"},"2":{"Display":"2"},"3":{"Display":"3"},"4":{"Display":"4"},"5":{"Display":"5"},"6":{"Display":"6"},"7":{"Display":"Strongly agree <br> 7"}},"ChoiceOrder":["1","2","3","4","5","6","7"],"Validation":{"Settings":{"ForceResponse":"OFF","Type":"None"}},"GradingData":[],"Language":[],"NextChoiceId":8,"NextAnswerId":1,"QuestionText_Unsafe":"<div>A donation of my work to this charity reflects a part of who I am as a person.<br><\/div>","DataExportTag":"Rep3_M","QuestionID":"QID46"}},{"SurveyID":"SV_1Y2iKa7jcSh4wxU","Element":"SQ","PrimaryAttribute":"QID44","SecondaryAttribute":"By donating my money to this charity, I would be expressing something fundamental about myself.","TertiaryAttribute":null,"Payload":{"QuestionText":"<div>By donating my money to this charity, I would be expressing something fundamental about myself.<br><\/div>","DefaultChoices":false,"QuestionType":"MC","Selector":"SAHR","SubSelector":"TX","DataVisibility":{"Private":false,"Hidden":false},"Configuration":{"QuestionDescriptionOption":"UseText","LabelPosition":"BELOW"},"QuestionDescription":"By donating my money to this charity, I would be expressing something fundamental about myself.","Choices":{"1":{"Display":"Strongly disagree <br> 1"},"2":{"Display":"2"},"3":{"Display":"3"},"4":{"Display":"4"},"5":{"Display":"5"},"6":{"Display":"6"},"7":{"Display":"Strongly agree <br> 7"}},"ChoiceOrder":["1","2","3","4","5","6","7"],"Validation":{"Settings":{"ForceResponse":"OFF","Type":"None"}},"GradingData":[],"Language":[],"NextChoiceId":8,"NextAnswerId":1,"QuestionText_Unsafe":"<div>By donating my work to this charity, I would be expressing something fundamental about myself.<br><\/div>","DataExportTag":"Rep1_M","QuestionID":"QID44"}},{"SurveyID":"SV_1Y2iKa7jcSh4wxU","Element":"SQ","PrimaryAttribute":"QID1","SecondaryAttribute":"Click to write the question text","TertiaryAttribute":null,"Payload":{"QuestionText":"Click to write the question text","DefaultChoices":false,"DataExportTag":"Q1","QuestionID":"QID1","QuestionType":"TE","Selector":"ESTB","DataVisibility":{"Private":false,"Hidden":false},"Configuration":{"QuestionDescriptionOption":"UseText"},"QuestionDescription":"Click to write the question text","Validation":{"Settings":{"ForceResponse":"OFF","Type":"None"}},"GradingData":[],"Language":[],"NextChoiceId":4,"NextAnswerId":1,"SearchSource":{"AllowFreeResponse":"false"}}},{"SurveyID":"SV_1Y2iKa7jcSh4wxU","Element":"SQ","PrimaryAttribute":"QID2","SecondaryAttribute":"Click to write the question text","TertiaryAttribute":null,"Payload":{"QuestionText":"Click to write the question text","DefaultChoices":false,"DataExportTag":"Q2","QuestionType":"TE","Selector":"SL","Configuration":{"QuestionDescriptionOption":"UseText"},"QuestionDescription":"Click to write the question text","Validation":{"Settings":{"ForceResponse":"OFF","Type":"None"}},"GradingData":[],"Language":[],"NextChoiceId":4,"NextAnswerId":1,"SearchSource":{"AllowFreeResponse":"false"},"QuestionID":"QID2"}},{"SurveyID":"SV_1Y2iKa7jcSh4wxU","Element":"SQ","PrimaryAttribute":"QID5","SecondaryAttribute":"Click to write the question text","TertiaryAttribute":null,"Payload":{"QuestionText":"Click to write the question text","DefaultChoices":false,"DataExportTag":"Q5","QuestionType":"Matrix","Selector":"Likert","SubSelector":"SingleAnswer","Configuration":{"QuestionDescriptionOption":"UseText","TextPosition":"inline","ChoiceColumnWidth":25,"RepeatHeaders":"none","WhiteSpace":"OFF","MobileFirst":true},"QuestionDescription":"Click to write the question text","Choices":{"1":{"Display":"Click to write Statement 1"},"2":{"Display":"Click to write Statement 2"},"3":{"Display":"Click to write Statement 3"}},"ChoiceOrder":["1","2","3"],"Validation":{"Settings":{"ForceResponse":"OFF","Type":"None"}},"GradingData":[],"Language":[],"NextChoiceId":4,"NextAnswerId":4,"Answers":{"1":{"Display":"Click to write Scale Point 1"},"2":{"Display":"Click to write Scale Point 2"},"3":{"Display":"Click to write Scale Point 3"}},"AnswerOrder":["1","2","3"],"ChoiceDataExportTags":false,"QuestionID":"QID5"}},{"SurveyID":"SV_1Y2iKa7jcSh4wxU","Element":"SQ","PrimaryAttribute":"QID8","SecondaryAttribute":"Click to write the question text","TertiaryAttribute":null,"Payload":{"QuestionText":"Click to write the question text","DataExportTag":"Q7","QuestionType":"MC","Selector":"SAVR","SubSelector":"TX","Configuration":{"QuestionDescriptionOption":"UseText"},"QuestionDescription":"Click to write the question text","Choices":{"1":{"Display":"Click to write Choice 1"},"2":{"Display":"Click to write Choice 2"},"3":{"Display":"Click to write Choice 3"}},"ChoiceOrder":["1","2","3"],"Validation":{"Settings":{"ForceResponse":"OFF","Type":"None"}},"Language":[],"NextChoiceId":4,"NextAnswerId":1,"QuestionID":"QID8"}},{"SurveyID":"SV_1Y2iKa7jcSh4wxU","Element":"SQ","PrimaryAttribute":"QID21","SecondaryAttribute":"Click to write the question text","TertiaryAttribute":null,"Payload":{"QuestionText":"Click to write the question text","DefaultChoices":false,"DataExportTag":"Q21","QuestionType":"Slider","Selector":"HSLIDER","Configuration":{"QuestionDescriptionOption":"UseText","CSSliderMin":0,"CSSliderMax":100,"GridLines":10,"SnapToGrid":false,"NumDecimals":"0","ShowValue":true,"CustomStart":false,"NotApplicable":false,"MobileFirst":true},"QuestionDescription":"Click to write the question text","Choices":{"1":{"Display":"Click to write Choice 1"},"2":{"Display":"Click to write Choice 2"},"3":{"Display":"Click to write Choice 3"}},"ChoiceOrder":["1","2","3"],"Validation":{"Settings":{"ForceResponse":"OFF","Type":"None"}},"GradingData":[],"Language":[],"NextChoiceId":4,"NextAnswerId":1,"Labels":[],"QuestionID":"QID21"}},{"SurveyID":"SV_1Y2iKa7jcSh4wxU","Element":"SQ","PrimaryAttribute":"QID22","SecondaryAttribute":"Click to write the question text","TertiaryAttribute":null,"Payload":{"QuestionText":"Click to write the question text","DefaultChoices":false,"DataExportTag":"The mediator","QuestionID":"QID22","QuestionType":"Matrix","Selector":"Bipolar","Configuration":{"QuestionDescriptionOption":"UseText","TextPosition":"inline","ChoiceColumnWidth":25,"RepeatHeaders":"none","WhiteSpace":"OFF","MobileFirst":true,"ChoiceColumnWidthPixels":293},"QuestionDescription":"Click to write the question text","Choices":{"1":{"Display":"Click to write Statement 1:Right"},"2":{"Display":"Click to write Statement 2:Right"},"3":{"Display":"Click to write Statement 3:Right"}},"ChoiceOrder":["1","2","3"],"Validation":{"Settings":{"ForceResponse":"OFF","Type":"None"}},"GradingData":[],"Language":[],"NextChoiceId":4,"NextAnswerId":8,"Answers":{"1":{"Display":"1"},"2":{"Display":"2"},"3":{"Display":"3"},"4":{"Display":"4"},"5":{"Display":"5"},"6":{"Display":"6"},"7":{"Display":"7"}},"AnswerOrder":[1,2,3,4,5,6,7],"ChoiceDataExportTags":false,"AnswerColumns":7,"DataVisibility":{"Private":false,"Hidden":false}}},{"SurveyID":"SV_1Y2iKa7jcSh4wxU","Element":"SQ","PrimaryAttribute":"QID24","SecondaryAttribute":"Click to write the question text","TertiaryAttribute":null,"Payload":{"QuestionText":"Click to write the question text","DataExportTag":"Q24","QuestionType":"MC","Selector":"SAVR","SubSelector":"TX","Configuration":{"QuestionDescriptionOption":"UseText"},"QuestionDescription":"Click to write the question text","Choices":{"1":{"Display":"Click to write Choice 1"},"2":{"Display":"Click to write Choice 2"},"3":{"Display":"Click to write Choice 3"}},"ChoiceOrder":["1","2","3"],"Validation":{"Settings":{"ForceResponse":"OFF","Type":"None"}},"Language":[],"NextChoiceId":4,"NextAnswerId":1,"QuestionID":"QID24"}},{"SurveyID":"SV_1Y2iKa7jcSh4wxU","Element":"SQ","PrimaryAttribute":"QID25","SecondaryAttribute":"Click to write the question text","TertiaryAttribute":null,"Payload":{"QuestionText":"Click to write the question text","DefaultChoices":false,"DataExportTag":"Q25","QuestionType":"TE","Selector":"SL","Configuration":{"QuestionDescriptionOption":"UseText"},"QuestionDescription":"Click to write the question text","Validation":{"Settings":{"ForceResponse":"OFF","Type":"None"}},"GradingData":[],"Language":[],"NextChoiceId":4,"NextAnswerId":1,"SearchSource":{"AllowFreeResponse":"false"},"QuestionID":"QID25"}},{"SurveyID":"SV_1Y2iKa7jcSh4wxU","Element":"SQ","PrimaryAttribute":"QID26","SecondaryAttribute":"Click to write the question text","TertiaryAttribute":null,"Payload":{"QuestionText":"Click to write the question text","DefaultChoices":false,"DataExportTag":"Q26","QuestionType":"TE","Selector":"SL","Configuration":{"QuestionDescriptionOption":"UseText"},"QuestionDescription":"Click to write the question text","Validation":{"Settings":{"ForceResponse":"OFF","Type":"None"}},"GradingData":[],"Language":[],"NextChoiceId":4,"NextAnswerId":1,"SearchSource":{"AllowFreeResponse":"false"},"QuestionID":"QID26"}},{"SurveyID":"SV_1Y2iKa7jcSh4wxU","Element":"QG","PrimaryAttribute":"QG_GpPaBUdl4uPm8OS","SecondaryAttribute":"Default Quota Group","TertiaryAttribute":null,"Payload":{"ID":"QG_GpPaBUdl4uPm8OS","Name":"Default Quota Group","Selected":true,"MultipleMatch":"PlaceInAll","Public":false,"Quotas":[]}},{"SurveyID":"SV_1Y2iKa7jcSh4wxU","Element":"SQ","PrimaryAttribute":"QID45","SecondaryAttribute":"Donating my money to this charity reflects my values and personal identity.","TertiaryAttribute":null,"Payload":{"QuestionText":"<div>Donating my money to this charity reflects my values and personal identity.<br><\/div>","DefaultChoices":false,"QuestionType":"MC","Selector":"SAHR","SubSelector":"TX","DataVisibility":{"Private":false,"Hidden":false},"Configuration":{"QuestionDescriptionOption":"UseText","LabelPosition":"BELOW"},"QuestionDescription":"Donating my money to this charity reflects my values and personal identity.","Choices":{"1":{"Display":"Strongly disagree <br> 1"},"2":{"Display":"2"},"3":{"Display":"3"},"4":{"Display":"4"},"5":{"Display":"5"},"6":{"Display":"6"},"7":{"Display":"Strongly agree <br> 7"}},"ChoiceOrder":["1","2","3","4","5","6","7"],"Validation":{"Settings":{"ForceResponse":"OFF","Type":"None"}},"GradingData":[],"Language":[],"NextChoiceId":8,"NextAnswerId":1,"QuestionText_Unsafe":"<div>Donating my work to this charity reflects my values and personal identity.<br><\/div>","DataExportTag":"Rep2_M","QuestionID":"QID45"}},{"SurveyID":"SV_1Y2iKa7jcSh4wxU","Element":"SQ","PrimaryAttribute":"QID55","SecondaryAttribute":"Donating my money to UNICEF would reflect who I am as a person.","TertiaryAttribute":null,"Payload":{"QuestionText":"Donating my money to UNICEF would reflect who I am as a person.<br>","DefaultChoices":false,"QuestionType":"MC","Selector":"SAHR","SubSelector":"TX","DataVisibility":{"Private":false,"Hidden":false},"Configuration":{"QuestionDescriptionOption":"UseText","LabelPosition":"BELOW"},"QuestionDescription":"Donating my money to UNICEF would reflect who I am as a person.","Choices":{"1":{"Display":"Strongly disagree <br> 1"},"2":{"Display":"2"},"3":{"Display":"3"},"4":{"Display":"4"},"5":{"Display":"5"},"6":{"Display":"6"},"7":{"Display":"Strongly agree <br> 7"}},"ChoiceOrder":["1","2","3","4","5","6","7"],"Validation":{"Settings":{"ForceResponse":"OFF","Type":"None"}},"GradingData":[],"Language":[],"NextChoiceId":8,"NextAnswerId":1,"QuestionText_Unsafe":"Donating my time to UNICEF would reflect who I am as a person.<br>","DataExportTag":"Q55","QuestionID":"QID55"}},{"SurveyID":"SV_1Y2iKa7jcSh4wxU","Element":"SQ","PrimaryAttribute":"QID69","SecondaryAttribute":"Donating my money to UNICEF would reflect who I am as a person.","TertiaryAttribute":null,"Payload":{"QuestionText":"Donating my money to UNICEF would reflect who I am as a person.<br>","DefaultChoices":false,"QuestionType":"MC","Selector":"SAHR","SubSelector":"TX","DataVisibility":{"Private":false,"Hidden":false},"Configuration":{"QuestionDescriptionOption":"UseText","LabelPosition":"BELOW"},"QuestionDescription":"Donating my money to UNICEF would reflect who I am as a person.","Choices":{"1":{"Display":"Strongly disagree <br> 1"},"2":{"Display":"2"},"3":{"Display":"3"},"4":{"Display":"4"},"5":{"Display":"5"},"6":{"Display":"6"},"7":{"Display":"Strongly agree <br> 7"}},"ChoiceOrder":["1","2","3","4","5","6","7"],"Validation":{"Settings":{"ForceResponse":"OFF","Type":"None"}},"GradingData":[],"Language":[],"NextChoiceId":8,"NextAnswerId":1,"QuestionText_Unsafe":"Donating my money to UNICEF would reflect who I am as a person.<br>","DataExportTag":"Q69","QuestionID":"QID69"}},{"SurveyID":"SV_1Y2iKa7jcSh4wxU","Element":"SQ","PrimaryAttribute":"QID54","SecondaryAttribute":"Donating my money to UNICEF would resonate with my values, beliefs, or identities.","TertiaryAttribute":null,"Payload":{"QuestionText":"Donating my money to UNICEF would resonate with my values, beliefs, or identities.<br>","DefaultChoices":false,"QuestionType":"MC","Selector":"SAHR","SubSelector":"TX","DataVisibility":{"Private":false,"Hidden":false},"Configuration":{"QuestionDescriptionOption":"UseText","LabelPosition":"BELOW"},"QuestionDescription":"Donating my money to UNICEF would resonate with my values, beliefs, or identities.","Choices":{"1":{"Display":"Strongly disagree <br> 1"},"2":{"Display":"2"},"3":{"Display":"3"},"4":{"Display":"4"},"5":{"Display":"5"},"6":{"Display":"6"},"7":{"Display":"Strongly agree <br> 7"}},"ChoiceOrder":["1","2","3","4","5","6","7"],"Validation":{"Settings":{"ForceResponse":"OFF","Type":"None"}},"GradingData":[],"Language":[],"NextChoiceId":8,"NextAnswerId":1,"QuestionText_Unsafe":"Donating my time to UNICEF would resonate with my values, beliefs, or identities.<br>","DataExportTag":"Q54","QuestionID":"QID54"}},{"SurveyID":"SV_1Y2iKa7jcSh4wxU","Element":"SQ","PrimaryAttribute":"QID68","SecondaryAttribute":"Donating my money to UNICEF would resonate with my values, beliefs, or identities.","TertiaryAttribute":null,"Payload":{"QuestionText":"Donating my money to UNICEF would resonate with my values, beliefs, or identities.<br>","DefaultChoices":false,"QuestionType":"MC","Selector":"SAHR","SubSelector":"TX","DataVisibility":{"Private":false,"Hidden":false},"Configuration":{"QuestionDescriptionOption":"UseText","LabelPosition":"BELOW"},"QuestionDescription":"Donating my money to UNICEF would resonate with my values, beliefs, or identities.","Choices":{"1":{"Display":"Strongly disagree <br> 1"},"2":{"Display":"2"},"3":{"Display":"3"},"4":{"Display":"4"},"5":{"Display":"5"},"6":{"Display":"6"},"7":{"Display":"Strongly agree <br> 7"}},"ChoiceOrder":["1","2","3","4","5","6","7"],"Validation":{"Settings":{"ForceResponse":"OFF","Type":"None"}},"GradingData":[],"Language":[],"NextChoiceId":8,"NextAnswerId":1,"QuestionText_Unsafe":"Donating my money to UNICEF would resonate with my values, beliefs, or identities.<br>","DataExportTag":"Q68","QuestionID":"QID68"}},{"SurveyID":"SV_1Y2iKa7jcSh4wxU","Element":"SQ","PrimaryAttribute":"QID36","SecondaryAttribute":"Donating my time to UNICEF would reflect who I am as a person.","TertiaryAttribute":null,"Payload":{"QuestionText":"Donating my time to UNICEF would reflect who I am as a person.<br>","DefaultChoices":false,"DataExportTag":"Rep3_W","QuestionType":"MC","Selector":"SAHR","SubSelector":"TX","DataVisibility":{"Private":false,"Hidden":false},"Configuration":{"QuestionDescriptionOption":"UseText","LabelPosition":"BELOW"},"QuestionDescription":"Donating my time to UNICEF would reflect who I am as a person.","Choices":{"1":{"Display":"Strongly disagree <br> 1"},"2":{"Display":"2"},"3":{"Display":"3"},"4":{"Display":"4"},"5":{"Display":"5"},"6":{"Display":"6"},"7":{"Display":"Strongly agree <br> 7"}},"ChoiceOrder":["1","2","3","4","5","6","7"],"Validation":{"Settings":{"ForceResponse":"OFF","Type":"None"}},"GradingData":[],"Language":[],"NextChoiceId":8,"NextAnswerId":1,"QuestionID":"QID36"}},{"SurveyID":"SV_1Y2iKa7jcSh4wxU","Element":"SQ","PrimaryAttribute":"QID62","SecondaryAttribute":"Donating my time to UNICEF would reflect who I am as a person.","TertiaryAttribute":null,"Payload":{"QuestionText":"Donating my time to UNICEF would reflect who I am as a person.<br>","DefaultChoices":false,"QuestionType":"MC","Selector":"SAHR","SubSelector":"TX","DataVisibility":{"Private":false,"Hidden":false},"Configuration":{"QuestionDescriptionOption":"UseText","LabelPosition":"BELOW"},"QuestionDescription":"Donating my time to UNICEF would reflect who I am as a person.","Choices":{"1":{"Display":"Strongly disagree <br> 1"},"2":{"Display":"2"},"3":{"Display":"3"},"4":{"Display":"4"},"5":{"Display":"5"},"6":{"Display":"6"},"7":{"Display":"Strongly agree <br> 7"}},"ChoiceOrder":["1","2","3","4","5","6","7"],"Validation":{"Settings":{"ForceResponse":"OFF","Type":"None"}},"GradingData":[],"Language":[],"NextChoiceId":8,"NextAnswerId":1,"QuestionText_Unsafe":"Donating my time to UNICEF would reflect who I am as a person.<br>","DataExportTag":"Q62","QuestionID":"QID62"}},{"SurveyID":"SV_1Y2iKa7jcSh4wxU","Element":"SQ","PrimaryAttribute":"QID35","SecondaryAttribute":"Donating my time to UNICEF would resonate with my values, beliefs, or identities.","TertiaryAttribute":null,"Payload":{"QuestionText":"Donating my time to UNICEF would resonate with my values, beliefs, or identities.<br>","DefaultChoices":false,"DataExportTag":"Rep2_W ","QuestionType":"MC","Selector":"SAHR","SubSelector":"TX","DataVisibility":{"Private":false,"Hidden":false},"Configuration":{"QuestionDescriptionOption":"UseText","LabelPosition":"BELOW"},"QuestionDescription":"Donating my time to UNICEF would resonate with my values, beliefs, or identities.","Choices":{"1":{"Display":"Strongly disagree <br> 1"},"2":{"Display":"2"},"3":{"Display":"3"},"4":{"Display":"4"},"5":{"Display":"5"},"6":{"Display":"6"},"7":{"Display":"Strongly agree <br> 7"}},"ChoiceOrder":["1","2","3","4","5","6","7"],"Validation":{"Settings":{"ForceResponse":"OFF","Type":"None"}},"GradingData":[],"Language":[],"NextChoiceId":8,"NextAnswerId":1,"QuestionID":"QID35"}},{"SurveyID":"SV_1Y2iKa7jcSh4wxU","Element":"SQ","PrimaryAttribute":"QID61","SecondaryAttribute":"Donating my time to UNICEF would resonate with my values, beliefs, or identities.","TertiaryAttribute":null,"Payload":{"QuestionText":"Donating my time to UNICEF would resonate with my values, beliefs, or identities.<br>","DefaultChoices":false,"QuestionType":"MC","Selector":"SAHR","SubSelector":"TX","DataVisibility":{"Private":false,"Hidden":false},"Configuration":{"QuestionDescriptionOption":"UseText","LabelPosition":"BELOW"},"QuestionDescription":"Donating my time to UNICEF would resonate with my values, beliefs, or identities.","Choices":{"1":{"Display":"Strongly disagree <br> 1"},"2":{"Display":"2"},"3":{"Display":"3"},"4":{"Display":"4"},"5":{"Display":"5"},"6":{"Display":"6"},"7":{"Display":"Strongly agree <br> 7"}},"ChoiceOrder":["1","2","3","4","5","6","7"],"Validation":{"Settings":{"ForceResponse":"OFF","Type":"None"}},"GradingData":[],"Language":[],"NextChoiceId":8,"NextAnswerId":1,"QuestionText_Unsafe":"Donating my time to UNICEF would resonate with my values, beliefs, or identities.<br>","DataExportTag":"Q61","QuestionID":"QID61"}},{"SurveyID":"SV_1Y2iKa7jcSh4wxU","Element":"SQ","PrimaryAttribute":"QID40","SecondaryAttribute":"End Animal Cruelty asks you to DONATE YOUR MONEY. \u00a0 They explain that your money can really make...","TertiaryAttribute":null,"Payload":{"QuestionText":"<div>End Animal Cruelty asks you to DONATE YOUR MONEY.<\/div>\n\n<div>&nbsp;<\/div>\n\n<div>They explain that your money can really make a difference in ending animal cruelty. How much would you donate?<\/div>\n\n<div>&nbsp;<\/div>","DefaultChoices":false,"QuestionType":"TE","Selector":"SL","Configuration":{"QuestionDescriptionOption":"UseText"},"QuestionDescription":"End Animal Cruelty asks you to DONATE YOUR MONEY. \u00a0 They explain that your money can really make...","Validation":{"Settings":{"ForceResponse":"OFF","Type":"ContentType","MinChars":"1","ContentType":"ValidNumber","ValidDateType":"DateWithFormat","ValidPhoneType":"ValidUSPhone","ValidZipType":"ValidUSZip","ValidNumber":{"Min":"","Max":"","NumDecimals":""}}},"GradingData":[],"Language":[],"NextChoiceId":4,"NextAnswerId":1,"SearchSource":{"AllowFreeResponse":"false"},"DataVisibility":{"Private":false,"Hidden":false},"QuestionText_Unsafe":"<div>End Animal Cruelty asks you to DONATE YOUR WORK, where your salary from your work is donated to the charity. <br><\/div><div><br><\/div><div>They explain that your work can really make a difference in ending animal cruelty. How many hours of your work would you donate?<br><\/div>","DataExportTag":"MoneyDV","QuestionID":"QID40"}},{"SurveyID":"SV_1Y2iKa7jcSh4wxU","Element":"SQ","PrimaryAttribute":"QID33","SecondaryAttribute":"End Animal Cruelty asks you to DONATE YOUR MONEY. They explain that your money can really make a...","TertiaryAttribute":null,"Payload":{"QuestionText":"<div>End Animal Cruelty asks you to DONATE YOUR MONEY.<br><\/div><div><br><\/div><div>They explain that your money can really make a difference in ending animal cruelty. How much would you donate?<br><\/div>","DefaultChoices":false,"QuestionType":"TE","Selector":"SL","Configuration":{"QuestionDescriptionOption":"UseText"},"QuestionDescription":"End Animal Cruelty asks you to DONATE YOUR MONEY. They explain that your money can really make a...","Validation":{"Settings":{"ForceResponse":"OFF","Type":"ContentType","MinChars":"1","ContentType":"ValidNumber","ValidDateType":"DateWithFormat","ValidPhoneType":"ValidUSPhone","ValidZipType":"ValidUSZip","ValidNumber":{"Min":"","Max":"","NumDecimals":""}}},"GradingData":[],"Language":[],"NextChoiceId":4,"NextAnswerId":1,"SearchSource":{"AllowFreeResponse":"false"},"QuestionText_Unsafe":"<div>End Animal Cruelty asks you to DONATE YOUR WORK, where your salary from your work is donated to the charity. <br><\/div><div><br><\/div><div>They explain that your work can really make a difference in ending animal cruelty. How many hours of your work would you donate?<br><\/div>","DataExportTag":"MoneyDV","QuestionID":"QID33","DataVisibility":{"Private":false,"Hidden":false}}},{"SurveyID":"SV_1Y2iKa7jcSh4wxU","Element":"SQ","PrimaryAttribute":"QID13","SecondaryAttribute":"Evaluate the following statements on a scale of 1-5, where 1 means 'strongly disagree' and 5 mean...","TertiaryAttribute":null,"Payload":{"QuestionText":"Evaluate the following statements on a scale of 1-5, where 1 means 'strongly disagree' and 5 means 'strongly agree'","DefaultChoices":false,"DataExportTag":"The DV","QuestionType":"Matrix","Selector":"Likert","SubSelector":"SingleAnswer","DataVisibility":{"Private":false,"Hidden":false},"Configuration":{"QuestionDescriptionOption":"UseText","TextPosition":"inline","Autoscale":{"XScale":{"Name":"agreeDisagree","Type":"likert","Reverse":false}},"ChoiceColumnWidth":25,"RepeatHeaders":"none","WhiteSpace":"OFF","MobileFirst":true},"QuestionDescription":"Evaluate the following statements on a scale of 1-5, where 1 means 'strongly disagree' and 5 mean...","Choices":{"1":{"Display":"I am likely to donate to this charity in the future"},"2":{"Display":"I will donate the next time to this charity"},"3":{"Display":"I will definitely donate to the charity in the future"}},"ChoiceOrder":[1,2,3],"Validation":{"Settings":{"ForceResponse":"OFF","Type":"None"}},"GradingData":[],"Language":[],"NextChoiceId":4,"NextAnswerId":6,"Answers":{"1":{"Display":"Strongly disagree"},"2":{"Display":"Somewhat disagree"},"3":{"Display":"Neither agree nor disagree"},"4":{"Display":"Somewhat agree"},"5":{"Display":"Strongly agree"}},"AnswerOrder":[1,2,3,4,5],"ChoiceDataExportTags":false,"QuestionID":"QID13"}},{"SurveyID":"SV_1Y2iKa7jcSh4wxU","Element":"SQ","PrimaryAttribute":"QID20","SecondaryAttribute":"Evaluate the following statements on a scale of 1-5, where 1 means 'strongly disagree' and 5 mean...","TertiaryAttribute":null,"Payload":{"QuestionText":"Evaluate the following statements on a scale of 1-5, where 1 means 'strongly disagree' and 5 means 'strongly agree'","DefaultChoices":false,"DataExportTag":"The DV","QuestionType":"Matrix","Selector":"Likert","SubSelector":"SingleAnswer","DataVisibility":{"Private":false,"Hidden":false},"Configuration":{"QuestionDescriptionOption":"UseText","TextPosition":"inline","Autoscale":{"XScale":{"Name":"agreeDisagree","Type":"likert","Reverse":false}},"ChoiceColumnWidth":25,"RepeatHeaders":"none","WhiteSpace":"OFF","MobileFirst":true},"QuestionDescription":"Evaluate the following statements on a scale of 1-5, where 1 means 'strongly disagree' and 5 mean...","Choices":{"1":{"Display":"I am likely to donate to this charity in the future"},"2":{"Display":"I will donate the next time to this charity"},"3":{"Display":"I will definitely donate to the charity in the future"}},"ChoiceOrder":[1,2,3],"Validation":{"Settings":{"ForceResponse":"OFF","Type":"None"}},"GradingData":[],"Language":[],"NextChoiceId":4,"NextAnswerId":6,"Answers":{"1":{"Display":"Strongly disagree"},"2":{"Display":"Somewhat disagree"},"3":{"Display":"Neither agree nor disagree"},"4":{"Display":"Somewhat agree"},"5":{"Display":"Strongly agree"}},"AnswerOrder":[1,2,3,4,5],"ChoiceDataExportTags":false,"QuestionID":"QID20"}},{"SurveyID":"SV_1Y2iKa7jcSh4wxU","Element":"SQ","PrimaryAttribute":"QID6","SecondaryAttribute":"Evaluate the following statements on a scale of 1-7, where 1 means 'strongly disagree' and 7 mean...","TertiaryAttribute":null,"Payload":{"QuestionText":"Evaluate the following statements on a scale of 1-7, where 1 means 'strongly disagree' and 7 means 'strongly agree'","DefaultChoices":false,"DataExportTag":"The IV","QuestionType":"Matrix","Selector":"Likert","SubSelector":"SingleAnswer","Configuration":{"QuestionDescriptionOption":"UseText","TextPosition":"inline","ChoiceColumnWidth":25,"RepeatHeaders":"none","WhiteSpace":"OFF","MobileFirst":true,"Autoscale":{"XScale":{"Name":"agreeDisagree","Type":"likert","Reverse":false}}},"QuestionDescription":"Evaluate the following statements on a scale of 1-7, where 1 means 'strongly disagree' and 7 mean...","Choices":{"1":{"Display":"The probability that I would donate 1 hour of salary of my work to the charity is high"},"2":{"Display":"My willingness to donate 1 hour of salary of my work to the charity is high"},"3":{"Display":"The likelihood of me donating 1 hour of salary of my work is high"}},"ChoiceOrder":[1,2,3],"Validation":{"Settings":{"ForceResponse":"OFF","Type":"None"}},"GradingData":[],"Language":[],"NextChoiceId":4,"NextAnswerId":8,"Answers":{"1":{"Display":"Strongly disagree"},"2":{"Display":"Disagree"},"3":{"Display":"Somewhat disagree"},"4":{"Display":"Neither agree nor disagree"},"5":{"Display":"Somewhat agree"},"6":{"Display":"Agree"},"7":{"Display":"Strongly agree"}},"AnswerOrder":[1,2,3,4,5,6,7],"ChoiceDataExportTags":false,"QuestionID":"QID6","DataVisibility":{"Private":false,"Hidden":false}}},{"SurveyID":"SV_1Y2iKa7jcSh4wxU","Element":"SQ","PrimaryAttribute":"QID10","SecondaryAttribute":"Evaluate the following statements on a scale of 1-7, where 1 means 'strongly disagree' and 7 mean...","TertiaryAttribute":null,"Payload":{"QuestionText":"Evaluate the following statements on a scale of 1-7, where 1 means 'strongly disagree' and 7 means 'strongly agree'","DefaultChoices":false,"DataExportTag":"The moderator","QuestionType":"Matrix","Selector":"Likert","SubSelector":"SingleAnswer","DataVisibility":{"Private":false,"Hidden":false},"Configuration":{"QuestionDescriptionOption":"UseText","TextPosition":"inline","Autoscale":{"XScale":{"Name":"agreeDisagree","Type":"likert","Reverse":false}},"ChoiceColumnWidth":25,"RepeatHeaders":"none","WhiteSpace":"OFF","MobileFirst":true},"QuestionDescription":"Evaluate the following statements on a scale of 1-7, where 1 means 'strongly disagree' and 7 mean...","Choices":{"1":{"Display":"Giving to this charity means a great deal to me."},"2":{"Display":"Giving to this charity is a vitally important part of my life. "},"3":{"Display":"I am deeply interested in the work of this charity, even when I am not able to make a donation."},"4":{"Display":"I feel heavily involved with this charity"},"5":{"Display":"I am fascinated by the work of this charity"}},"ChoiceOrder":[1,2,3,4,5],"Validation":{"Settings":{"ForceResponse":"OFF","Type":"None"}},"GradingData":[],"Language":[],"NextChoiceId":6,"NextAnswerId":8,"Answers":{"1":{"Display":"Strongly disagree"},"2":{"Display":"Disagree"},"3":{"Display":"Somewhat disagree"},"4":{"Display":"Neither agree nor disagree"},"5":{"Display":"Somewhat agree"},"6":{"Display":"Agree"},"7":{"Display":"Strongly agree"}},"AnswerOrder":[1,2,3,4,5,6,7],"ChoiceDataExportTags":false,"QuestionID":"QID10"}},{"SurveyID":"SV_1Y2iKa7jcSh4wxU","Element":"SQ","PrimaryAttribute":"QID11","SecondaryAttribute":"Evaluate the following statements on a scale of 1-7, where 1 means 'strongly disagree' and 7 mean...","TertiaryAttribute":null,"Payload":{"QuestionText":"Evaluate the following statements on a scale of 1-7, where 1 means 'strongly disagree' and 7 means 'strongly agree'","DefaultChoices":false,"DataExportTag":"Q9","QuestionType":"Matrix","Selector":"Likert","SubSelector":"SingleAnswer","DataVisibility":{"Private":false,"Hidden":false},"Configuration":{"QuestionDescriptionOption":"UseText","TextPosition":"inline","Autoscale":{"XScale":{"Name":"agreeDisagree","Type":"likert","Reverse":false}},"ChoiceColumnWidth":25,"RepeatHeaders":"none","WhiteSpace":"OFF","MobileFirst":true},"QuestionDescription":"Evaluate the following statements on a scale of 1-7, where 1 means 'strongly disagree' and 7 mean...","Choices":{"1":{"Display":"I would have control over the way my time would be used. "},"2":{"Display":"I would have the ability to shape how my time would be utilized. "},"3":{"Display":"I would be involved in how my time would be used."}},"ChoiceOrder":[1,2,3],"Validation":{"Settings":{"ForceResponse":"OFF","Type":"None"}},"GradingData":[],"Language":[],"NextChoiceId":4,"NextAnswerId":8,"Answers":{"1":{"Display":"Strongly disagree"},"2":{"Display":"Disagree"},"3":{"Display":"Somewhat disagree"},"4":{"Display":"Neither agree nor disagree"},"5":{"Display":"Somewhat agree"},"6":{"Display":"Agree"},"7":{"Display":"Strongly agree"}},"AnswerOrder":[1,2,3,4,5,6,7],"ChoiceDataExportTags":false,"QuestionID":"QID11"}},{"SurveyID":"SV_1Y2iKa7jcSh4wxU","Element":"SQ","PrimaryAttribute":"QID12","SecondaryAttribute":"Evaluate the following statements on a scale of 1-7, where 1 means 'strongly disagree' and 7 mean...","TertiaryAttribute":null,"Payload":{"QuestionText":"Evaluate the following statements on a scale of 1-7, where 1 means 'strongly disagree' and 7 means 'strongly agree'","DefaultChoices":false,"DataExportTag":"Q10","QuestionType":"Matrix","Selector":"Likert","SubSelector":"SingleAnswer","DataVisibility":{"Private":false,"Hidden":false},"Configuration":{"QuestionDescriptionOption":"UseText","TextPosition":"inline","Autoscale":{"XScale":{"Name":"agreeDisagree","Type":"likert","Reverse":false}},"ChoiceColumnWidth":25,"RepeatHeaders":"none","WhiteSpace":"OFF","MobileFirst":true},"QuestionDescription":"Evaluate the following statements on a scale of 1-7, where 1 means 'strongly disagree' and 7 mean...","Choices":{"1":{"Display":"I would have control over the way my time would be used. "},"2":{"Display":"I would have the ability to shape how my time would be utilized. "},"3":{"Display":"I would be involved in how my time would be used."}},"ChoiceOrder":[1,2,3],"Validation":{"Settings":{"ForceResponse":"OFF","Type":"None"}},"GradingData":[],"Language":[],"NextChoiceId":4,"NextAnswerId":6,"Answers":{"1":{"Display":"Strongly disagree"},"2":{"Display":"Somewhat disagree"},"3":{"Display":"Neither agree nor disagree"},"4":{"Display":"Somewhat agree"},"5":{"Display":"Strongly agree"}},"AnswerOrder":[1,2,3,4,5],"ChoiceDataExportTags":false,"QuestionID":"QID12"}},{"SurveyID":"SV_1Y2iKa7jcSh4wxU","Element":"SQ","PrimaryAttribute":"QID14","SecondaryAttribute":"Evaluate the following statements on a scale of 1-7, where 1 means 'strongly disagree' and 7 mean...","TertiaryAttribute":null,"Payload":{"QuestionText":"Evaluate the following statements on a scale of 1-7, where 1 means 'strongly disagree' and 7 means 'strongly agree'&nbsp;","DefaultChoices":false,"DataExportTag":"Q14","QuestionType":"Matrix","Selector":"Likert","SubSelector":"SingleAnswer","Configuration":{"QuestionDescriptionOption":"UseText","TextPosition":"inline","ChoiceColumnWidth":25,"RepeatHeaders":"none","WhiteSpace":"OFF","MobileFirst":true},"QuestionDescription":"Evaluate the following statements on a scale of 1-7, where 1 means 'strongly disagree' and 7 mean...","Choices":{"1":{"Display":"The probability that I would donate money to the charity is high."},"2":{"Display":"My willingness to donate money to the charity is high."},"3":{"Display":"The likelihood of my donating money to the charity is high."}},"ChoiceOrder":[1,2,3],"Validation":{"Settings":{"ForceResponse":"OFF","Type":"None"}},"GradingData":[],"Language":[],"NextChoiceId":4,"NextAnswerId":6,"Answers":{"1":{"Display":"Strongly disagree"},"2":{"Display":"Somewhat disagree"},"3":{"Display":"Neither agree nor disagree"},"4":{"Display":"Somewhat agree"},"5":{"Display":"strongly agree"}},"AnswerOrder":[1,2,3,4,5],"ChoiceDataExportTags":false,"QuestionID":"QID14"}},{"SurveyID":"SV_1Y2iKa7jcSh4wxU","Element":"SQ","PrimaryAttribute":"QID16","SecondaryAttribute":"Evaluate the following statements on a scale of 1-7, where 1 means 'strongly disagree' and 7 mean...","TertiaryAttribute":null,"Payload":{"QuestionText":"Evaluate the following statements on a scale of 1-7, where 1 means 'strongly disagree' and 7 means 'strongly agree'&nbsp;","DefaultChoices":false,"DataExportTag":"The IV","QuestionType":"Matrix","Selector":"Likert","SubSelector":"SingleAnswer","DataVisibility":{"Private":false,"Hidden":false},"Configuration":{"QuestionDescriptionOption":"UseText","TextPosition":"inline","ChoiceColumnWidth":25,"RepeatHeaders":"none","WhiteSpace":"OFF","MobileFirst":true},"QuestionDescription":"Evaluate the following statements on a scale of 1-7, where 1 means 'strongly disagree' and 7 mean...","Choices":{"1":{"Display":"The probability that I would donate \u20ac20 to the charity is high"},"2":{"Display":"My willingness to donate \u20ac20 to the charity is high"},"3":{"Display":"The likelihood of me donating \u20ac20 is high"}},"ChoiceOrder":[1,2,3],"Validation":{"Settings":{"ForceResponse":"OFF","Type":"None"}},"GradingData":[],"Language":[],"NextChoiceId":4,"NextAnswerId":8,"Answers":{"1":{"Display":"Strongly disagree"},"2":{"Display":"Disagree"},"3":{"Display":"Somewhat disagree"},"4":{"Display":"Neither agree nor disagree"},"5":{"Display":"Somewhat agree"},"6":{"Display":"Agree"},"7":{"Display":"strongly agree"}},"AnswerOrder":[1,2,3,4,5,6,7],"ChoiceDataExportTags":false,"QuestionID":"QID16"}},{"SurveyID":"SV_1Y2iKa7jcSh4wxU","Element":"SQ","PrimaryAttribute":"QID19","SecondaryAttribute":"Evaluate the following statements on a scale of 1-7, where 1 means 'strongly disagree' and 7 mean...","TertiaryAttribute":null,"Payload":{"QuestionText":"Evaluate the following statements on a scale of 1-7, where 1 means 'strongly disagree' and 7 means 'strongly agree'","DefaultChoices":false,"DataExportTag":"The moderator","QuestionType":"Matrix","Selector":"Likert","SubSelector":"SingleAnswer","DataVisibility":{"Private":false,"Hidden":false},"Configuration":{"QuestionDescriptionOption":"UseText","TextPosition":"inline","Autoscale":{"XScale":{"Name":"agreeDisagree","Type":"likert","Reverse":false}},"ChoiceColumnWidth":25,"RepeatHeaders":"none","WhiteSpace":"OFF","MobileFirst":true},"QuestionDescription":"Evaluate the following statements on a scale of 1-7, where 1 means 'strongly disagree' and 7 mean...","Choices":{"1":{"Display":"Giving to this charity means a great deal to me."},"2":{"Display":"Giving to this charity is a vitally important part of my life. "},"3":{"Display":"I am deeply interested in the work of this charity, even when I am not able to make a donation. "},"4":{"Display":"I feel heavily involved with this charity"},"5":{"Display":"I am fascinated by the work of this charity"}},"ChoiceOrder":[1,2,3,4,5],"Validation":{"Settings":{"ForceResponse":"OFF","Type":"None"}},"GradingData":[],"Language":[],"NextChoiceId":6,"NextAnswerId":8,"Answers":{"1":{"Display":"Strongly disagree"},"2":{"Display":"Disagree"},"3":{"Display":"Somewhat disagree"},"4":{"Display":"Neither agree nor disagree"},"5":{"Display":"Somewhat agree"},"6":{"Display":"Agree"},"7":{"Display":"Strongly agree"}},"AnswerOrder":[1,2,3,4,5,6,7],"ChoiceDataExportTags":false,"QuestionID":"QID19"}},{"SurveyID":"SV_1Y2iKa7jcSh4wxU","Element":"SQ","PrimaryAttribute":"QID29","SecondaryAttribute":"Evaluate the following statements on a scale of 1-7, where 1 means 'strongly disagree' and 7 mean...","TertiaryAttribute":null,"Payload":{"QuestionText":"Evaluate the following statements on a scale of 1-7, where 1 means 'strongly disagree' and 7 means 'strongly agree'","DefaultChoices":false,"DataExportTag":"Q29","QuestionType":"Matrix","Selector":"Likert","SubSelector":"SingleAnswer","DataVisibility":{"Private":false,"Hidden":false},"Configuration":{"QuestionDescriptionOption":"UseText","TextPosition":"inline","Autoscale":{"XScale":{"Name":"agreeDisagree","Type":"likert","Reverse":false}},"ChoiceColumnWidth":25,"RepeatHeaders":"none","WhiteSpace":"OFF","MobileFirst":true},"QuestionDescription":"Evaluate the following statements on a scale of 1-7, where 1 means 'strongly disagree' and 7 mean...","Choices":{"1":{"Display":"The probability that I would donate time to the charity is high. "},"2":{"Display":"My willingness to donate time to the charity is high. "},"3":{"Display":"The likelihood of my donating time to the charity is high."}},"ChoiceOrder":[1,2,3],"Validation":{"Settings":{"ForceResponse":"OFF","Type":"None"}},"GradingData":[],"Language":[],"NextChoiceId":4,"NextAnswerId":8,"Answers":{"1":{"Display":"Strongly disagree"},"2":{"Display":"Disagree"},"3":{"Display":"Somewhat disagree"},"4":{"Display":"Neither agree nor disagree"},"5":{"Display":"Somewhat agree"},"6":{"Display":"Agree"},"7":{"Display":"Strongly agree"}},"AnswerOrder":[1,2,3,4,5,6,7],"ChoiceDataExportTags":false,"QuestionID":"QID29"}},{"SurveyID":"SV_1Y2iKa7jcSh4wxU","Element":"SQ","PrimaryAttribute":"QID27","SecondaryAttribute":"For the next questions, imagine you have a full-time job with a salary of \u20ac20 an hour. Imagine th.","TertiaryAttribute":null,"Payload":{"QuestionText":"<br>For the next questions, imagine you have a full-time job with a salary of \u20ac20 an hour.<br><br>Imagine that you are approached by End Animal Cruelty, a non profit organization that is dedicated to ending animal cruelty across the world. <br>","DefaultChoices":false,"DataExportTag":"Q27","QuestionType":"DB","Selector":"TB","DataVisibility":{"Private":false,"Hidden":false},"Configuration":{"QuestionDescriptionOption":"UseText"},"QuestionDescription":"For the next questions, imagine you have a full-time job with a salary of \u20ac20 an hour. Imagine th...","ChoiceOrder":[],"Validation":{"Settings":{"Type":"None"}},"GradingData":[],"Language":[],"NextChoiceId":9,"NextAnswerId":1,"QuestionID":"QID27"}},{"SurveyID":"SV_1Y2iKa7jcSh4wxU","Element":"SQ","PrimaryAttribute":"QID28","SecondaryAttribute":"For the next questions, imagine you have a full-time job with a salary of \u20ac20 an hour. Imagine th.","TertiaryAttribute":null,"Payload":{"QuestionText":"<br>For the next questions, imagine you have a full-time job with a salary of \u20ac20 an hour.<br><br>Imagine that you are approached by End Animal Cruelty, a non profit organization that is dedicated to ending animal cruelty across the world. <br>","DefaultChoices":false,"DataExportTag":"Q28","QuestionType":"DB","Selector":"TB","DataVisibility":{"Private":false,"Hidden":false},"Configuration":{"QuestionDescriptionOption":"UseText"},"QuestionDescription":"For the next questions, imagine you have a full-time job with a salary of \u20ac20 an hour. Imagine th...","ChoiceOrder":[],"Validation":{"Settings":{"Type":"None"}},"GradingData":[],"Language":[],"NextChoiceId":9,"NextAnswerId":1,"QuestionID":"QID28"}},{"SurveyID":"SV_1Y2iKa7jcSh4wxU","Element":"SQ","PrimaryAttribute":"QID50","SecondaryAttribute":"How much do you trust UNICEF?","TertiaryAttribute":null,"Payload":{"QuestionText":"How much do you trust UNICEF?<br>","DefaultChoices":false,"DataExportTag":"Trust","QuestionType":"MC","Selector":"SAHR","SubSelector":"TX","DataVisibility":{"Private":false,"Hidden":false},"Configuration":{"QuestionDescriptionOption":"UseText","LabelPosition":"BELOW"},"QuestionDescription":"How much do you trust UNICEF?","Choices":{"1":{"Display":"Not at all <br> 1"},"2":{"Display":"2"},"3":{"Display":"3"},"4":{"Display":"4"},"5":{"Display":"5"},"6":{"Display":"6"},"7":{"Display":"Very much <br> 7"}},"ChoiceOrder":["1","2","3","4","5","6","7"],"Validation":{"Settings":{"ForceResponse":"OFF","Type":"None"}},"GradingData":[],"Language":[],"NextChoiceId":9,"NextAnswerId":1,"QuestionID":"QID50"}},{"SurveyID":"SV_1Y2iKa7jcSh4wxU","Element":"SQ","PrimaryAttribute":"QID47","SecondaryAttribute":"How much free time do you have that you can spend on your personal interests?","TertiaryAttribute":null,"Payload":{"QuestionText":"How much free time do you have that you can spend on your personal interests?<br>","DefaultChoices":false,"DataExportTag":"FreeTime","QuestionType":"MC","Selector":"SAHR","SubSelector":"TX","Configuration":{"QuestionDescriptionOption":"UseText","LabelPosition":"BELOW"},"QuestionDescription":"How much free time do you have that you can spend on your personal interests?","Choices":{"1":{"Display":"None at all <br> 1"},"2":{"Display":"2"},"3":{"Display":"3"},"4":{"Display":"4"},"5":{"Display":"5"},"6":{"Display":"6"},"7":{"Display":"Very much <br> 7"}},"ChoiceOrder":["1","2","3","4","5","6","7"],"Validation":{"Settings":{"ForceResponse":"OFF","Type":"None"}},"GradingData":[],"Language":[],"NextChoiceId":9,"NextAnswerId":1,"QuestionID":"QID47","DataVisibility":{"Private":false,"Hidden":false}}},{"SurveyID":"SV_1Y2iKa7jcSh4wxU","Element":"SQ","PrimaryAttribute":"QID51","SecondaryAttribute":"How much money do you make per hour of work at your job?","TertiaryAttribute":null,"Payload":{"QuestionText":"How much money do you make per hour of work at your job?<br>","DefaultChoices":false,"DataExportTag":"Q51","QuestionID":"QID51","QuestionType":"TE","Selector":"SL","DataVisibility":{"Private":false,"Hidden":false},"Configuration":{"QuestionDescriptionOption":"UseText","InputWidth":479,"InputHeight":29},"QuestionDescription":"How much money do you make per hour of work at your job?","Validation":{"Settings":{"ForceResponse":"ON","ForceResponseType":"ON","Type":"ContentType","MinChars":"1","ContentType":"ValidNumber","ValidDateType":"DateWithFormat","ValidPhoneType":"ValidUSPhone","ValidZipType":"ValidUSZip","ValidNumber":{"Min":"","Max":"","NumDecimals":""}}},"GradingData":[],"Language":[],"NextChoiceId":4,"NextAnswerId":1,"SearchSource":{"AllowFreeResponse":"false"}}},{"SurveyID":"SV_1Y2iKa7jcSh4wxU","Element":"SQ","PrimaryAttribute":"QID43","SecondaryAttribute":"I feel like a donation of my money to this charity would help end animal cruelty","TertiaryAttribute":null,"Payload":{"QuestionText":"<div>I feel like a donation of my money to this charity would help end animal cruelty<br><\/div>","DefaultChoices":false,"QuestionType":"MC","Selector":"SAHR","SubSelector":"TX","DataVisibility":{"Private":false,"Hidden":false},"Configuration":{"QuestionDescriptionOption":"UseText","LabelPosition":"BELOW"},"QuestionDescription":"I feel like a donation of my money to this charity would help end animal cruelty","Choices":{"1":{"Display":"Strongly disagree <br> 1"},"2":{"Display":"2"},"3":{"Display":"3"},"4":{"Display":"4"},"5":{"Display":"5"},"6":{"Display":"6"},"7":{"Display":"Strongly agree <br> 7"}},"ChoiceOrder":["1","2","3","4","5","6","7"],"Validation":{"Settings":{"ForceResponse":"OFF","Type":"None"}},"GradingData":[],"Language":[],"NextChoiceId":8,"NextAnswerId":1,"QuestionText_Unsafe":"<div>I feel like a donation of my work to this charity would help end animal cruelty<br><\/div>","DataExportTag":"Impact3_M","QuestionID":"QID43"}},{"SurveyID":"SV_1Y2iKa7jcSh4wxU","Element":"SQ","PrimaryAttribute":"QID42","SecondaryAttribute":"I feel like a donation of my money would really help this charity.","TertiaryAttribute":null,"Payload":{"QuestionText":"<div>I feel like a donation of my money would really help this charity.<br><\/div>","DefaultChoices":false,"QuestionType":"MC","Selector":"SAHR","SubSelector":"TX","DataVisibility":{"Private":false,"Hidden":false},"Configuration":{"QuestionDescriptionOption":"UseText","LabelPosition":"BELOW"},"QuestionDescription":"I feel like a donation of my money would really help this charity.","Choices":{"1":{"Display":"Strongly disagree <br> 1"},"2":{"Display":"2"},"3":{"Display":"3"},"4":{"Display":"4"},"5":{"Display":"5"},"6":{"Display":"6"},"7":{"Display":"Strongly agree <br> 7"}},"ChoiceOrder":["1","2","3","4","5","6","7"],"Validation":{"Settings":{"ForceResponse":"OFF","Type":"None"}},"GradingData":[],"Language":[],"NextChoiceId":8,"NextAnswerId":1,"QuestionText_Unsafe":"<div>I feel like a donation of my work would really help this charity.<br><\/div>","DataExportTag":"Impact2_M","QuestionID":"QID42"}},{"SurveyID":"SV_1Y2iKa7jcSh4wxU","Element":"SQ","PrimaryAttribute":"QID58","SecondaryAttribute":"I would be involved in how my money would be used.","TertiaryAttribute":null,"Payload":{"QuestionText":"I would be involved in how my money would be used.<br>","DefaultChoices":false,"QuestionType":"MC","Selector":"SAHR","SubSelector":"TX","DataVisibility":{"Private":false,"Hidden":false},"Configuration":{"QuestionDescriptionOption":"UseText","LabelPosition":"BELOW"},"QuestionDescription":"I would be involved in how my money would be used.","Choices":{"1":{"Display":"Strongly disagree <br> 1"},"2":{"Display":"2"},"3":{"Display":"3"},"4":{"Display":"4"},"5":{"Display":"5"},"6":{"Display":"6"},"7":{"Display":"Strongly agree <br> 7"}},"ChoiceOrder":["1","2","3","4","5","6","7"],"Validation":{"Settings":{"ForceResponse":"OFF","Type":"None"}},"GradingData":[],"Language":[],"NextChoiceId":8,"NextAnswerId":1,"QuestionText_Unsafe":"I would be involved in how my time would be used.<br>","DataExportTag":"Q58","QuestionID":"QID58"}},{"SurveyID":"SV_1Y2iKa7jcSh4wxU","Element":"SQ","PrimaryAttribute":"QID72","SecondaryAttribute":"I would be involved in how my money would be used.","TertiaryAttribute":null,"Payload":{"QuestionText":"I would be involved in how my money would be used.<br>","DefaultChoices":false,"QuestionType":"MC","Selector":"SAHR","SubSelector":"TX","DataVisibility":{"Private":false,"Hidden":false},"Configuration":{"QuestionDescriptionOption":"UseText","LabelPosition":"BELOW"},"QuestionDescription":"I would be involved in how my money would be used.","Choices":{"1":{"Display":"Strongly disagree <br> 1"},"2":{"Display":"2"},"3":{"Display":"3"},"4":{"Display":"4"},"5":{"Display":"5"},"6":{"Display":"6"},"7":{"Display":"Strongly agree <br> 7"}},"ChoiceOrder":["1","2","3","4","5","6","7"],"Validation":{"Settings":{"ForceResponse":"OFF","Type":"None"}},"GradingData":[],"Language":[],"NextChoiceId":8,"NextAnswerId":1,"QuestionText_Unsafe":"I would be involved in how my money would be used.<br>","DataExportTag":"Q72","QuestionID":"QID72"}},{"SurveyID":"SV_1Y2iKa7jcSh4wxU","Element":"SQ","PrimaryAttribute":"QID39","SecondaryAttribute":"I would be involved in how my time would be used.","TertiaryAttribute":null,"Payload":{"QuestionText":"I would be involved in how my time would be used.<br>","DefaultChoices":false,"DataExportTag":"Control3_W","QuestionType":"MC","Selector":"SAHR","SubSelector":"TX","DataVisibility":{"Private":false,"Hidden":false},"Configuration":{"QuestionDescriptionOption":"UseText","LabelPosition":"BELOW"},"QuestionDescription":"I would be involved in how my time would be used.","Choices":{"1":{"Display":"Strongly disagree <br> 1"},"2":{"Display":"2"},"3":{"Display":"3"},"4":{"Display":"4"},"5":{"Display":"5"},"6":{"Display":"6"},"7":{"Display":"Strongly agree <br> 7"}},"ChoiceOrder":["1","2","3","4","5","6","7"],"Validation":{"Settings":{"ForceResponse":"OFF","Type":"None"}},"GradingData":[],"Language":[],"NextChoiceId":8,"NextAnswerId":1,"QuestionID":"QID39"}},{"SurveyID":"SV_1Y2iKa7jcSh4wxU","Element":"SQ","PrimaryAttribute":"QID65","SecondaryAttribute":"I would be involved in how my time would be used.","TertiaryAttribute":null,"Payload":{"QuestionText":"I would be involved in how my time would be used.<br>","DefaultChoices":false,"QuestionType":"MC","Selector":"SAHR","SubSelector":"TX","DataVisibility":{"Private":false,"Hidden":false},"Configuration":{"QuestionDescriptionOption":"UseText","LabelPosition":"BELOW"},"QuestionDescription":"I would be involved in how my time would be used.","Choices":{"1":{"Display":"Strongly disagree <br> 1"},"2":{"Display":"2"},"3":{"Display":"3"},"4":{"Display":"4"},"5":{"Display":"5"},"6":{"Display":"6"},"7":{"Display":"Strongly agree <br> 7"}},"ChoiceOrder":["1","2","3","4","5","6","7"],"Validation":{"Settings":{"ForceResponse":"OFF","Type":"None"}},"GradingData":[],"Language":[],"NextChoiceId":8,"NextAnswerId":1,"QuestionText_Unsafe":"I would be involved in how my time would be used.<br>","DataExportTag":"Q65","QuestionID":"QID65"}},{"SurveyID":"SV_1Y2iKa7jcSh4wxU","Element":"SQ","PrimaryAttribute":"QID57","SecondaryAttribute":"I would have the ability to shape how my money would be utilized.","TertiaryAttribute":null,"Payload":{"QuestionText":"I would have the ability to shape how my money would be utilized.<br>","DefaultChoices":false,"QuestionType":"MC","Selector":"SAHR","SubSelector":"TX","DataVisibility":{"Private":false,"Hidden":false},"Configuration":{"QuestionDescriptionOption":"UseText","LabelPosition":"BELOW"},"QuestionDescription":"I would have the ability to shape how my money would be utilized.","Choices":{"1":{"Display":"Strongly disagree <br> 1"},"2":{"Display":"2"},"3":{"Display":"3"},"4":{"Display":"4"},"5":{"Display":"5"},"6":{"Display":"6"},"7":{"Display":"Strongly agree <br> 7"}},"ChoiceOrder":["1","2","3","4","5","6","7"],"Validation":{"Settings":{"ForceResponse":"OFF","Type":"None"}},"GradingData":[],"Language":[],"NextChoiceId":8,"NextAnswerId":1,"QuestionText_Unsafe":"I would have the ability to shape how my time would be utilized.<br>","DataExportTag":"Q57","QuestionID":"QID57"}},{"SurveyID":"SV_1Y2iKa7jcSh4wxU","Element":"SQ","PrimaryAttribute":"QID71","SecondaryAttribute":"I would have the ability to shape how my money would be utilized.","TertiaryAttribute":null,"Payload":{"QuestionText":"I would have the ability to shape how my money would be utilized.<br>","DefaultChoices":false,"QuestionType":"MC","Selector":"SAHR","SubSelector":"TX","DataVisibility":{"Private":false,"Hidden":false},"Configuration":{"QuestionDescriptionOption":"UseText","LabelPosition":"BELOW"},"QuestionDescription":"I would have the ability to shape how my money would be utilized.","Choices":{"1":{"Display":"Strongly disagree <br> 1"},"2":{"Display":"2"},"3":{"Display":"3"},"4":{"Display":"4"},"5":{"Display":"5"},"6":{"Display":"6"},"7":{"Display":"Strongly agree <br> 7"}},"ChoiceOrder":["1","2","3","4","5","6","7"],"Validation":{"Settings":{"ForceResponse":"OFF","Type":"None"}},"GradingData":[],"Language":[],"NextChoiceId":8,"NextAnswerId":1,"QuestionText_Unsafe":"I would have the ability to shape how my money would be utilized.<br>","DataExportTag":"Q71","QuestionID":"QID71"}},{"SurveyID":"SV_1Y2iKa7jcSh4wxU","Element":"SQ","PrimaryAttribute":"QID38","SecondaryAttribute":"I would have the ability to shape how my time would be utilized.","TertiaryAttribute":null,"Payload":{"QuestionText":"I would have the ability to shape how my time would be utilized.<br>","DefaultChoices":false,"DataExportTag":"Control2_W","QuestionType":"MC","Selector":"SAHR","SubSelector":"TX","DataVisibility":{"Private":false,"Hidden":false},"Configuration":{"QuestionDescriptionOption":"UseText","LabelPosition":"BELOW"},"QuestionDescription":"I would have the ability to shape how my time would be utilized.","Choices":{"1":{"Display":"Strongly disagree <br> 1"},"2":{"Display":"2"},"3":{"Display":"3"},"4":{"Display":"4"},"5":{"Display":"5"},"6":{"Display":"6"},"7":{"Display":"Strongly agree <br> 7"}},"ChoiceOrder":["1","2","3","4","5","6","7"],"Validation":{"Settings":{"ForceResponse":"OFF","Type":"None"}},"GradingData":[],"Language":[],"NextChoiceId":8,"NextAnswerId":1,"QuestionID":"QID38"}},{"SurveyID":"SV_1Y2iKa7jcSh4wxU","Element":"SQ","PrimaryAttribute":"QID64","SecondaryAttribute":"I would have the ability to shape how my time would be utilized.","TertiaryAttribute":null,"Payload":{"QuestionText":"I would have the ability to shape how my time would be utilized.<br>","DefaultChoices":false,"QuestionType":"MC","Selector":"SAHR","SubSelector":"TX","DataVisibility":{"Private":false,"Hidden":false},"Configuration":{"QuestionDescriptionOption":"UseText","LabelPosition":"BELOW"},"QuestionDescription":"I would have the ability to shape how my time would be utilized.","Choices":{"1":{"Display":"Strongly disagree <br> 1"},"2":{"Display":"2"},"3":{"Display":"3"},"4":{"Display":"4"},"5":{"Display":"5"},"6":{"Display":"6"},"7":{"Display":"Strongly agree <br> 7"}},"ChoiceOrder":["1","2","3","4","5","6","7"],"Validation":{"Settings":{"ForceResponse":"OFF","Type":"None"}},"GradingData":[],"Language":[],"NextChoiceId":8,"NextAnswerId":1,"QuestionText_Unsafe":"I would have the ability to shape how my time would be utilized.<br>","DataExportTag":"Q64","QuestionID":"QID64"}},{"SurveyID":"SV_1Y2iKa7jcSh4wxU","Element":"SQ","PrimaryAttribute":"QID52","SecondaryAttribute":"Imagine that UNICEF was asking you to donate some of your money. You can really help needy childr...","TertiaryAttribute":null,"Payload":{"QuestionText":"Imagine that UNICEF was asking you to donate <u><strong>some of your money.<\/strong><\/u><br \/>\n<br \/>\nYou can really help needy children by donating your money.<br \/>\n<br \/>\nAnything that you donate would be used to make an<u><strong> immediate impact<\/strong><\/u>. It would help children within a week of you donating it.<br \/>\n<br \/>\nHow much money would you donate?","DefaultChoices":false,"QuestionType":"TE","Selector":"SL","Configuration":{"QuestionDescriptionOption":"UseText"},"QuestionDescription":"Imagine that UNICEF was asking you to donate some of your money. You can really help needy childr...","Validation":{"Settings":{"ForceResponse":"OFF","Type":"ContentType","MinChars":"1","ContentType":"ValidNumber","ValidDateType":"DateWithFormat","ValidPhoneType":"ValidUSPhone","ValidZipType":"ValidUSZip","ValidNumber":{"Min":"","Max":"","NumDecimals":""}}},"GradingData":[],"Language":[],"NextChoiceId":4,"NextAnswerId":1,"SearchSource":{"AllowFreeResponse":"false"},"DataVisibility":{"Private":false,"Hidden":false},"QuestionText_Unsafe":"You can help UNICEF by donating <u><strong>some of your time.<\/strong><\/u> Here is how it works. Instead of volunteering for us by personally helping children in the developing world, helping children, you could help just as much by donating your work. Specifically, you could donate your salary from some amount of time that you spend working for money. In this way, you can help needy children by donating your work.<br \/>\n<br \/>\nHow many hours of your work would you donate?","DataExportTag":"Q52","QuestionID":"QID52"}},{"SurveyID":"SV_1Y2iKa7jcSh4wxU","Element":"SQ","PrimaryAttribute":"QID66","SecondaryAttribute":"Imagine that UNICEF was asking you to donate some of your money. You can really help needy childr...","TertiaryAttribute":null,"Payload":{"QuestionText":"Imagine that UNICEF was asking you to donate <u><strong>some of your money.<\/strong><\/u><br>\n<br>\nYou can really help needy children by donating your money.<br>\n<br>\nAnything that you donate would be used to make a <u><strong>long-term impact<\/strong><\/u>. It would not help children within a week of you donating it, but would be used for programs that can make a big difference over time.<br>\n<br>\nHow much money would you donate?","DefaultChoices":false,"QuestionType":"TE","Selector":"SL","Configuration":{"QuestionDescriptionOption":"UseText"},"QuestionDescription":"Imagine that UNICEF was asking you to donate some of your money. You can really help needy childr...","Validation":{"Settings":{"ForceResponse":"OFF","Type":"ContentType","MinChars":"1","ContentType":"ValidNumber","ValidDateType":"DateWithFormat","ValidPhoneType":"ValidUSPhone","ValidZipType":"ValidUSZip","ValidNumber":{"Min":"","Max":"","NumDecimals":""}}},"GradingData":[],"Language":[],"NextChoiceId":4,"NextAnswerId":1,"SearchSource":{"AllowFreeResponse":"false"},"DataVisibility":{"Private":false,"Hidden":false},"QuestionText_Unsafe":"Imagine that UNICEF was asking you to donate <u><strong>some of your money.<\/strong><\/u> <br><br>You can really help needy children by donating your money.<br>\n<br>\nHow much money would you donate?","DataExportTag":"Q66","QuestionID":"QID66"}},{"SurveyID":"SV_1Y2iKa7jcSh4wxU","Element":"SQ","PrimaryAttribute":"QID32","SecondaryAttribute":"Imagine that UNICEF was asking you to donate some of your time. Here is how it works. Instead of...","TertiaryAttribute":null,"Payload":{"QuestionText":"Imagine that UNICEF was asking you to donate <u><strong>some of your time.<\/strong><\/u><br>\n<br>\nHere is how it works. Instead of volunteering for UNICEF by personally helping children in the developing world, you could help just as much by donating your work. Specifically, you could donate your salary from some amount of time that you spend working at a job. In this way, you can really help needy children by donating your work.<br>\n<br>\nAnything that you donate would be used to make an <u><strong>immediate impact. <\/strong><\/u>It would help children within a week of you donating it.<br>\n<br>\nHow many hours of your work would you donate?","DefaultChoices":false,"DataExportTag":"WorkDV","QuestionType":"TE","Selector":"SL","Configuration":{"QuestionDescriptionOption":"UseText"},"QuestionDescription":"Imagine that UNICEF was asking you to donate some of your time. Here is how it works. Instead of...","Validation":{"Settings":{"ForceResponse":"OFF","Type":"ContentType","MinChars":"1","ContentType":"ValidNumber","ValidDateType":"DateWithFormat","ValidPhoneType":"ValidUSPhone","ValidZipType":"ValidUSZip","ValidNumber":{"Min":"","Max":"","NumDecimals":""}}},"GradingData":[],"Language":[],"NextChoiceId":4,"NextAnswerId":1,"SearchSource":{"AllowFreeResponse":"false"},"QuestionID":"QID32","DataVisibility":{"Private":false,"Hidden":false}}},{"SurveyID":"SV_1Y2iKa7jcSh4wxU","Element":"SQ","PrimaryAttribute":"QID59","SecondaryAttribute":"Imagine that UNICEF was asking you to donate some of your time. Here is how it works. Instead of...","TertiaryAttribute":null,"Payload":{"QuestionText":"Imagine that UNICEF was asking you to donate <u><strong>some of your time.<\/strong><\/u><br>\n<br>\nHere is how it works. Instead of volunteering for UNICEF by personally helping children in the developing world, you could help just as much by donating your work. Specifically, you could donate your salary from some amount of time that you spend working at a job. In this way, you can really help needy children by donating your work.<br>\n<br>\nAnything that you donate would be used to make a<u><strong> long-term impact. <\/strong><\/u>It would not help children within a week of you donating it, but would be used for programs that can make a big difference over time.<br>\n<br>\nHow many hours of your work would you donate?","DefaultChoices":false,"QuestionType":"TE","Selector":"SL","Configuration":{"QuestionDescriptionOption":"UseText"},"QuestionDescription":"Imagine that UNICEF was asking you to donate some of your time. Here is how it works. Instead of...","Validation":{"Settings":{"ForceResponse":"OFF","Type":"ContentType","MinChars":"1","ContentType":"ValidNumber","ValidDateType":"DateWithFormat","ValidPhoneType":"ValidUSPhone","ValidZipType":"ValidUSZip","ValidNumber":{"Min":"","Max":"","NumDecimals":""}}},"GradingData":[],"Language":[],"NextChoiceId":4,"NextAnswerId":1,"SearchSource":{"AllowFreeResponse":"false"},"DataVisibility":{"Private":false,"Hidden":false},"QuestionText_Unsafe":"Imagine that UNICEF was asking you to donate <u><strong>some of your time.<\/strong><\/u><br \/>\n<br \/>\nHere is how it works. Instead of volunteering for UNICEF by personally helping children in the developing world, you could help just as much by donating your work. Specifically, you could donate your salary from some amount of time that you spend working at a job. In this way, you can really help needy children by donating your work.<br \/>\n<br \/>\nAnything that you donate would be used to make an <u><strong>immediate impact. <\/strong><\/u>It would help children within a week of you donating it.<br \/>\n<br \/>\nHow many hours of your work would you donate?","DataExportTag":"Q59","QuestionID":"QID59"}},{"SurveyID":"SV_1Y2iKa7jcSh4wxU","Element":"SQ","PrimaryAttribute":"QID4","SecondaryAttribute":"In this survey, we are interested in how consumers make decisions regarding donations to charity. Pl","TertiaryAttribute":null,"Payload":{"QuestionText":"In this survey, we are interested in how consumers make decisions regarding donations to charity. There is no right or wrong answer, every answer is a good answer. Our only interest is your opinion.<br><br>Thank you in advance for your participation!<br><br>","DefaultChoices":false,"DataExportTag":"Intro1","QuestionType":"DB","Selector":"TB","Configuration":{"QuestionDescriptionOption":"SpecifyLabel"},"QuestionDescription":"In this survey, we are interested in how consumers make decisions regarding donations to charity. Pl","ChoiceOrder":[],"Validation":{"Settings":{"Type":"None"}},"GradingData":[],"Language":[],"NextChoiceId":9,"NextAnswerId":1,"QuestionID":"QID4","DataVisibility":{"Private":false,"Hidden":false}}},{"SurveyID":"SV_1Y2iKa7jcSh4wxU","Element":"SQ","PrimaryAttribute":"QID3","SecondaryAttribute":"Klik om de vraagtekst te schrijven","TertiaryAttribute":null,"Payload":{"QuestionText":"Klik om de vraagtekst te schrijven","DefaultChoices":false,"DataExportTag":"Q2","QuestionType":"TE","Selector":"SL","Configuration":{"QuestionDescriptionOption":"UseText"},"QuestionDescription":"Klik om de vraagtekst te schrijven","Validation":{"Settings":{"ForceResponse":"OFF","Type":"None"}},"GradingData":[],"Language":[],"NextChoiceId":4,"NextAnswerId":1,"SearchSource":{"AllowFreeResponse":"false"},"QuestionID":"QID3"}},{"SurveyID":"SV_1Y2iKa7jcSh4wxU","Element":"SQ","PrimaryAttribute":"QID7","SecondaryAttribute":"Klik om de vraagtekst te schrijven","TertiaryAttribute":null,"Payload":{"QuestionText":"Klik om de vraagtekst te schrijven","DefaultChoices":false,"DataExportTag":"Q5","QuestionType":"Slider","Selector":"HSLIDER","Configuration":{"QuestionDescriptionOption":"UseText","CSSliderMin":0,"CSSliderMax":100,"GridLines":10,"SnapToGrid":false,"NumDecimals":"0","ShowValue":true,"CustomStart":false,"NotApplicable":false,"MobileFirst":true},"QuestionDescription":"Klik om de vraagtekst te schrijven","Choices":{"1":{"Display":"Klik om optie 1 te schrijven"},"2":{"Display":"Klik om optie 2 te schrijven"},"3":{"Display":"Klik om optie 3 te schrijven"}},"ChoiceOrder":["1","2","3"],"Validation":{"Settings":{"ForceResponse":"OFF","Type":"None"}},"GradingData":[],"Language":[],"NextChoiceId":4,"NextAnswerId":1,"Labels":[],"QuestionID":"QID7"}},{"SurveyID":"SV_1Y2iKa7jcSh4wxU","Element":"SQ","PrimaryAttribute":"QID9","SecondaryAttribute":"Klik om de vraagtekst te schrijven","TertiaryAttribute":null,"Payload":{"QuestionText":"Klik om de vraagtekst te schrijven","DefaultChoices":false,"DataExportTag":"Q6","QuestionType":"Matrix","Selector":"Likert","SubSelector":"SingleAnswer","Configuration":{"QuestionDescriptionOption":"UseText","TextPosition":"inline","ChoiceColumnWidth":25,"RepeatHeaders":"none","WhiteSpace":"OFF","MobileFirst":true},"QuestionDescription":"Klik om de vraagtekst te schrijven","Choices":{"1":{"Display":"Klik om stelling 1 te schrijven"},"2":{"Display":"Klik om stelling 2 te schrijven"},"3":{"Display":"Klik om stelling 3 te schrijven"}},"ChoiceOrder":["1","2","3"],"Validation":{"Settings":{"ForceResponse":"OFF","Type":"None"}},"GradingData":[],"Language":[],"NextChoiceId":4,"NextAnswerId":5,"Answers":{"1":{"Display":"Klik om schaalpunt 2 te schrijven"},"2":{"Display":"Klik om schaalpunt 3 te schrijven"},"3":{"Display":"Klik om schaalpunt 4 te schrijven"},"4":{"Display":"Klik om schaalpunt 5 te schrijven"}},"AnswerOrder":[1,2,3,4],"ChoiceDataExportTags":false,"QuestionID":"QID9"}},{"SurveyID":"SV_1Y2iKa7jcSh4wxU","Element":"SQ","PrimaryAttribute":"QID15","SecondaryAttribute":"Klik om de vraagtekst te schrijven","TertiaryAttribute":null,"Payload":{"QuestionText":"Klik om de vraagtekst te schrijven","DefaultChoices":false,"DataExportTag":"Q16","QuestionType":"Matrix","Selector":"Likert","SubSelector":"SingleAnswer","Configuration":{"QuestionDescriptionOption":"UseText","TextPosition":"inline","ChoiceColumnWidth":25,"RepeatHeaders":"none","WhiteSpace":"OFF","MobileFirst":true},"QuestionDescription":"Klik om de vraagtekst te schrijven","Choices":{"1":{"Display":"Klik om stelling 1 te schrijven"},"2":{"Display":"Klik om stelling 2 te schrijven"},"3":{"Display":"Klik om stelling 3 te schrijven"}},"ChoiceOrder":["1","2","3"],"Validation":{"Settings":{"ForceResponse":"OFF","Type":"None"}},"GradingData":[],"Language":[],"NextChoiceId":4,"NextAnswerId":8,"Answers":{"1":{"Display":"Strongly disagree"},"2":{"Display":"Disagree"},"3":{"Display":"Somewhat disagree"},"4":{"Display":"Neither agree nor disagree"},"5":{"Display":"Somewhat agree"},"6":{"Display":"Agree"},"7":{"Display":"strongly agree"}},"AnswerOrder":[1,2,3,4,5,6,7],"ChoiceDataExportTags":false,"QuestionID":"QID15"}},{"SurveyID":"SV_1Y2iKa7jcSh4wxU","Element":"SQ","PrimaryAttribute":"QID17","SecondaryAttribute":"Klik om de vraagtekst te schrijven","TertiaryAttribute":null,"Payload":{"QuestionText":"Klik om de vraagtekst te schrijven","DefaultChoices":false,"DataExportTag":"Q17","QuestionType":"Matrix","Selector":"Likert","SubSelector":"SingleAnswer","DataVisibility":{"Private":false,"Hidden":false},"Configuration":{"QuestionDescriptionOption":"UseText","TextPosition":"inline","ChoiceColumnWidth":25,"RepeatHeaders":"none","WhiteSpace":"OFF","MobileFirst":true},"QuestionDescription":"Klik om de vraagtekst te schrijven","Choices":{"1":{"Display":"Klik om stelling 1 te schrijven"},"2":{"Display":"Klik om stelling 2 te schrijven"},"3":{"Display":"Klik om stelling 3 te schrijven"}},"ChoiceOrder":["1","2","3"],"Validation":{"Settings":{"ForceResponse":"OFF","Type":"None"}},"GradingData":[],"Language":[],"NextChoiceId":4,"NextAnswerId":8,"Answers":{"1":{"Display":"Strongly disagree"},"2":{"Display":"Disagree"},"3":{"Display":"Somewhat disagree"},"4":{"Display":"Neither agree nor disagree"},"5":{"Display":"Somewhat agree"},"6":{"Display":"Agree"},"7":{"Display":"strongly agree"}},"AnswerOrder":[1,2,3,4,5,6,7],"ChoiceDataExportTags":false,"QuestionID":"QID17"}},{"SurveyID":"SV_1Y2iKa7jcSh4wxU","Element":"SQ","PrimaryAttribute":"QID18","SecondaryAttribute":"Klik om de vraagtekst te schrijven","TertiaryAttribute":null,"Payload":{"QuestionText":"Klik om de vraagtekst te schrijven","DefaultChoices":false,"DataExportTag":"Q18","QuestionType":"Matrix","Selector":"Likert","SubSelector":"SingleAnswer","DataVisibility":{"Private":false,"Hidden":false},"Configuration":{"QuestionDescriptionOption":"UseText","TextPosition":"inline","ChoiceColumnWidth":25,"RepeatHeaders":"none","WhiteSpace":"OFF","MobileFirst":true},"QuestionDescription":"Klik om de vraagtekst te schrijven","Choices":{"1":{"Display":"Klik om stelling 1 te schrijven"},"2":{"Display":"Klik om stelling 2 te schrijven"},"3":{"Display":"Klik om stelling 3 te schrijven"}},"ChoiceOrder":["1","2","3"],"Validation":{"Settings":{"ForceResponse":"OFF","Type":"None"}},"GradingData":[],"Language":[],"NextChoiceId":4,"NextAnswerId":8,"Answers":{"1":{"Display":"Strongly disagree"},"2":{"Display":"Disagree"},"3":{"Display":"Somewhat disagree"},"4":{"Display":"Neither agree nor disagree"},"5":{"Display":"Somewhat agree"},"6":{"Display":"Agree"},"7":{"Display":"strongly agree"}},"AnswerOrder":[1,2,3,4,5,6,7],"ChoiceDataExportTags":false,"QuestionID":"QID18"}},{"SurveyID":"SV_1Y2iKa7jcSh4wxU","Element":"SQ","PrimaryAttribute":"QID31","SecondaryAttribute":"On the next page, you will be asked to think about a hypothetical donation to the charity UNICEF....","TertiaryAttribute":null,"Payload":{"QuestionText":"On the next page, you will be asked to think about a hypothetical donation to the charity UNICEF.<br><br>UNICEF is one of the biggest and best charities in the world for providing humanitarian and developmental aid to children worldwide.<br>","DefaultChoices":false,"DataExportTag":"Intro2","QuestionType":"DB","Selector":"TB","DataVisibility":{"Private":false,"Hidden":false},"Configuration":{"QuestionDescriptionOption":"UseText"},"QuestionDescription":"On the next page, you will be asked to think about a hypothetical donation to the charity UNICEF....","ChoiceOrder":[],"Validation":{"Settings":{"Type":"None"}},"GradingData":[],"Language":[],"NextChoiceId":9,"NextAnswerId":1,"QuestionID":"QID31"}},{"SurveyID":"SV_1Y2iKa7jcSh4wxU","Element":"SQ","PrimaryAttribute":"QID53","SecondaryAttribute":"Please indicate to what extent you agree with the following statements regarding donating your mo...","TertiaryAttribute":null,"Payload":{"QuestionText":"<div>Please indicate to what extent you agree with the following statements regarding <strong><u>donating your money <\/u><\/strong>to UNICEF.<\/div>\n\n<div>&nbsp;<\/div>\n\n<div>Donating my money to UNICEF would feel personally significant to me.<br><\/div>","DefaultChoices":false,"QuestionType":"MC","Selector":"SAHR","SubSelector":"TX","Configuration":{"QuestionDescriptionOption":"UseText","LabelPosition":"BELOW"},"QuestionDescription":"Please indicate to what extent you agree with the following statements regarding donating your mo...","Choices":{"1":{"Display":"Strongly disagree <br> 1"},"2":{"Display":"2"},"3":{"Display":"3"},"4":{"Display":"4"},"5":{"Display":"5"},"6":{"Display":"6"},"7":{"Display":"Strongly agree <br> 7"}},"ChoiceOrder":["1","2","3","4","5","6","7"],"Validation":{"Settings":{"ForceResponse":"OFF","Type":"None"}},"GradingData":[],"Language":[],"NextChoiceId":8,"NextAnswerId":1,"DataVisibility":{"Private":false,"Hidden":false},"QuestionText_Unsafe":"<div>Please indicate to what extent you agree with the following statements regarding <strong><u>donating your time <\/u><\/strong>to UNICEF.<\/div>\n\n<div>&nbsp;<\/div>\n\n<div>Donating my time to UNICEF would feel personally significant to me.<br><\/div>","DataExportTag":"Q53","QuestionID":"QID53"}},{"SurveyID":"SV_1Y2iKa7jcSh4wxU","Element":"SQ","PrimaryAttribute":"QID67","SecondaryAttribute":"Please indicate to what extent you agree with the following statements regarding donating your mo...","TertiaryAttribute":null,"Payload":{"QuestionText":"<div>Please indicate to what extent you agree with the following statements regarding <strong><u>donating your money <\/u><\/strong>to UNICEF.<\/div>\n\n<div>&nbsp;<\/div>\n\n<div>Donating my money to UNICEF would feel personally significant to me.<br><\/div>","DefaultChoices":false,"QuestionType":"MC","Selector":"SAHR","SubSelector":"TX","Configuration":{"QuestionDescriptionOption":"UseText","LabelPosition":"BELOW"},"QuestionDescription":"Please indicate to what extent you agree with the following statements regarding donating your mo...","Choices":{"1":{"Display":"Strongly disagree <br> 1"},"2":{"Display":"2"},"3":{"Display":"3"},"4":{"Display":"4"},"5":{"Display":"5"},"6":{"Display":"6"},"7":{"Display":"Strongly agree <br> 7"}},"ChoiceOrder":["1","2","3","4","5","6","7"],"Validation":{"Settings":{"ForceResponse":"OFF","Type":"None"}},"GradingData":[],"Language":[],"NextChoiceId":8,"NextAnswerId":1,"DataVisibility":{"Private":false,"Hidden":false},"QuestionText_Unsafe":"<div>Please indicate to what extent you agree with the following statements regarding <strong><u>donating your money <\/u><\/strong>to UNICEF.<\/div>\n\n<div>&nbsp;<\/div>\n\n<div>Donating my money to UNICEF would feel personally significant to me.<br><\/div>","DataExportTag":"Q67","QuestionID":"QID67"}},{"SurveyID":"SV_1Y2iKa7jcSh4wxU","Element":"SQ","PrimaryAttribute":"QID34","SecondaryAttribute":"Please indicate to what extent you agree with the following statements regarding donating your ti...","TertiaryAttribute":null,"Payload":{"QuestionText":"<div>Please indicate to what extent you agree with the following statements regarding <strong><u>donating your time <\/u><\/strong>to UNICEF.<\/div>\n\n<div>&nbsp;<\/div>\n\n<div>Donating my time to UNICEF would feel personally significant to me.<br><\/div>","DefaultChoices":false,"DataExportTag":"Rep1_W","QuestionType":"MC","Selector":"SAHR","SubSelector":"TX","Configuration":{"QuestionDescriptionOption":"UseText","LabelPosition":"BELOW"},"QuestionDescription":"Please indicate to what extent you agree with the following statements regarding donating your ti...","Choices":{"1":{"Display":"Strongly disagree <br> 1"},"2":{"Display":"2"},"3":{"Display":"3"},"4":{"Display":"4"},"5":{"Display":"5"},"6":{"Display":"6"},"7":{"Display":"Strongly agree <br> 7"}},"ChoiceOrder":["1","2","3","4","5","6","7"],"Validation":{"Settings":{"ForceResponse":"OFF","Type":"None"}},"GradingData":[],"Language":[],"NextChoiceId":8,"NextAnswerId":1,"QuestionID":"QID34","DataVisibility":{"Private":false,"Hidden":false}}},{"SurveyID":"SV_1Y2iKa7jcSh4wxU","Element":"SQ","PrimaryAttribute":"QID37","SecondaryAttribute":"Please indicate to what extent you agree with the following statements regarding donating your ti...","TertiaryAttribute":null,"Payload":{"QuestionText":"Please indicate to what extent you agree with the following statements regarding donating your time to UNICEF.<br><br>I would have control over the way my time would be used.<br>","DefaultChoices":false,"DataExportTag":"Control1_W","QuestionType":"MC","Selector":"SAHR","SubSelector":"TX","DataVisibility":{"Private":false,"Hidden":false},"Configuration":{"QuestionDescriptionOption":"UseText","LabelPosition":"BELOW"},"QuestionDescription":"Please indicate to what extent you agree with the following statements regarding donating your ti...","Choices":{"1":{"Display":"Strongly disagree <br> 1"},"2":{"Display":"2"},"3":{"Display":"3"},"4":{"Display":"4"},"5":{"Display":"5"},"6":{"Display":"6"},"7":{"Display":"Strongly agree <br> 7"}},"ChoiceOrder":["1","2","3","4","5","6","7"],"Validation":{"Settings":{"ForceResponse":"OFF","Type":"None"}},"GradingData":[],"Language":[],"NextChoiceId":8,"NextAnswerId":1,"QuestionID":"QID37"}},{"SurveyID":"SV_1Y2iKa7jcSh4wxU","Element":"SQ","PrimaryAttribute":"QID56","SecondaryAttribute":"Please indicate to what extent you agree with the following statements regarding donating your ti...","TertiaryAttribute":null,"Payload":{"QuestionText":"Please indicate to what extent you agree with the following statements regarding donating your time to UNICEF.<br><br>I would have control over the way my money would be used.<br>","DefaultChoices":false,"QuestionType":"MC","Selector":"SAHR","SubSelector":"TX","DataVisibility":{"Private":false,"Hidden":false},"Configuration":{"QuestionDescriptionOption":"UseText","LabelPosition":"BELOW"},"QuestionDescription":"Please indicate to what extent you agree with the following statements regarding donating your ti...","Choices":{"1":{"Display":"Strongly disagree <br> 1"},"2":{"Display":"2"},"3":{"Display":"3"},"4":{"Display":"4"},"5":{"Display":"5"},"6":{"Display":"6"},"7":{"Display":"Strongly agree <br> 7"}},"ChoiceOrder":["1","2","3","4","5","6","7"],"Validation":{"Settings":{"ForceResponse":"OFF","Type":"None"}},"GradingData":[],"Language":[],"NextChoiceId":8,"NextAnswerId":1,"QuestionText_Unsafe":"Please indicate to what extent you agree with the following statements regarding donating your time to UNICEF.<br><br>I would have control over the way my time would be used.<br>","DataExportTag":"Q56","QuestionID":"QID56"}},{"SurveyID":"SV_1Y2iKa7jcSh4wxU","Element":"SQ","PrimaryAttribute":"QID60","SecondaryAttribute":"Please indicate to what extent you agree with the following statements regarding donating your ti...","TertiaryAttribute":null,"Payload":{"QuestionText":"<div>Please indicate to what extent you agree with the following statements regarding <strong><u>donating your time <\/u><\/strong>to UNICEF.<\/div>\n\n<div>&nbsp;<\/div>\n\n<div>Donating my time to UNICEF would feel personally significant to me.<br><\/div>","DefaultChoices":false,"QuestionType":"MC","Selector":"SAHR","SubSelector":"TX","Configuration":{"QuestionDescriptionOption":"UseText","LabelPosition":"BELOW"},"QuestionDescription":"Please indicate to what extent you agree with the following statements regarding donating your ti...","Choices":{"1":{"Display":"Strongly disagree <br> 1"},"2":{"Display":"2"},"3":{"Display":"3"},"4":{"Display":"4"},"5":{"Display":"5"},"6":{"Display":"6"},"7":{"Display":"Strongly agree <br> 7"}},"ChoiceOrder":["1","2","3","4","5","6","7"],"Validation":{"Settings":{"ForceResponse":"OFF","Type":"None"}},"GradingData":[],"Language":[],"NextChoiceId":8,"NextAnswerId":1,"DataVisibility":{"Private":false,"Hidden":false},"QuestionText_Unsafe":"<div>Please indicate to what extent you agree with the following statements regarding <strong><u>donating your time <\/u><\/strong>to UNICEF.<\/div>\n\n<div>&nbsp;<\/div>\n\n<div>Donating my time to UNICEF would feel personally significant to me.<br><\/div>","DataExportTag":"Q60","QuestionID":"QID60"}},{"SurveyID":"SV_1Y2iKa7jcSh4wxU","Element":"SQ","PrimaryAttribute":"QID63","SecondaryAttribute":"Please indicate to what extent you agree with the following statements regarding donating your ti...","TertiaryAttribute":null,"Payload":{"QuestionText":"Please indicate to what extent you agree with the following statements regarding donating your time to UNICEF.<br><br>I would have control over the way my time would be used.<br>","DefaultChoices":false,"QuestionType":"MC","Selector":"SAHR","SubSelector":"TX","DataVisibility":{"Private":false,"Hidden":false},"Configuration":{"QuestionDescriptionOption":"UseText","LabelPosition":"BELOW"},"QuestionDescription":"Please indicate to what extent you agree with the following statements regarding donating your ti...","Choices":{"1":{"Display":"Strongly disagree <br> 1"},"2":{"Display":"2"},"3":{"Display":"3"},"4":{"Display":"4"},"5":{"Display":"5"},"6":{"Display":"6"},"7":{"Display":"Strongly agree <br> 7"}},"ChoiceOrder":["1","2","3","4","5","6","7"],"Validation":{"Settings":{"ForceResponse":"OFF","Type":"None"}},"GradingData":[],"Language":[],"NextChoiceId":8,"NextAnswerId":1,"QuestionText_Unsafe":"Please indicate to what extent you agree with the following statements regarding donating your time to UNICEF.<br><br>I would have control over the way my time would be used.<br>","DataExportTag":"Q63","QuestionID":"QID63"}},{"SurveyID":"SV_1Y2iKa7jcSh4wxU","Element":"SQ","PrimaryAttribute":"QID70","SecondaryAttribute":"Please indicate to what extent you agree with the following statements regarding donating your ti...","TertiaryAttribute":null,"Payload":{"QuestionText":"Please indicate to what extent you agree with the following statements regarding donating your time to UNICEF.<br><br>I would have control over the way my money would be used.<br>","DefaultChoices":false,"QuestionType":"MC","Selector":"SAHR","SubSelector":"TX","DataVisibility":{"Private":false,"Hidden":false},"Configuration":{"QuestionDescriptionOption":"UseText","LabelPosition":"BELOW"},"QuestionDescription":"Please indicate to what extent you agree with the following statements regarding donating your ti...","Choices":{"1":{"Display":"Strongly disagree <br> 1"},"2":{"Display":"2"},"3":{"Display":"3"},"4":{"Display":"4"},"5":{"Display":"5"},"6":{"Display":"6"},"7":{"Display":"Strongly agree <br> 7"}},"ChoiceOrder":["1","2","3","4","5","6","7"],"Validation":{"Settings":{"ForceResponse":"OFF","Type":"None"}},"GradingData":[],"Language":[],"NextChoiceId":8,"NextAnswerId":1,"QuestionText_Unsafe":"Please indicate to what extent you agree with the following statements regarding donating your time to UNICEF.<br><br>I would have control over the way my money would be used.<br>","DataExportTag":"Q70","QuestionID":"QID70"}},{"SurveyID":"SV_1Y2iKa7jcSh4wxU","Element":"SQ","PrimaryAttribute":"QID41","SecondaryAttribute":"Please rate your agreement with the following questions: I feel like a donation of my money would...","TertiaryAttribute":null,"Payload":{"QuestionText":"<div>Please rate your agreement with the following questions:<\/div><div><br><\/div><div>I feel like a donation of my money would make a big impact.<br><\/div>","DefaultChoices":false,"QuestionType":"MC","Selector":"SAHR","SubSelector":"TX","Configuration":{"QuestionDescriptionOption":"UseText","LabelPosition":"BELOW"},"QuestionDescription":"Please rate your agreement with the following questions: I feel like a donation of my money would...","Choices":{"1":{"Display":"Strongly disagree <br> 1"},"2":{"Display":"2"},"3":{"Display":"3"},"4":{"Display":"4"},"5":{"Display":"5"},"6":{"Display":"6"},"7":{"Display":"Strongly agree <br> 7"}},"ChoiceOrder":["1","2","3","4","5","6","7"],"Validation":{"Settings":{"ForceResponse":"OFF","Type":"None"}},"GradingData":[],"Language":[],"NextChoiceId":8,"NextAnswerId":1,"QuestionText_Unsafe":"<div>Please rate your agreement with the following questions:<\/div><div><br><\/div><div>I feel like a donation of my work would make a big impact.<br><\/div>","DataExportTag":"Impact1_M","QuestionID":"QID41","DataVisibility":{"Private":false,"Hidden":false}}},{"SurveyID":"SV_1Y2iKa7jcSh4wxU","Element":"SQ","PrimaryAttribute":"QID23","SecondaryAttribute":"To me, feeling personal involved in this charity is:","TertiaryAttribute":null,"Payload":{"QuestionText":"To me, feeling personal involved in this charity is:","DefaultChoices":false,"DataExportTag":"The mediator","QuestionType":"Matrix","Selector":"Bipolar","DataVisibility":{"Private":false,"Hidden":false},"Configuration":{"QuestionDescriptionOption":"UseText","TextPosition":"inline","ChoiceColumnWidthPixels":293,"RepeatHeaders":"none","WhiteSpace":"OFF","MobileFirst":true},"QuestionDescription":"To me, feeling personal involved in this charity is:","Choices":{"1":{"Display":"Relevant:Irrelevant"},"2":{"Display":"Important:Unimportant"},"3":{"Display":"Means a lot to me:Means nothing to me"},"4":{"Display":"Valuable:Worthless"},"5":{"Display":"Needed:Not needed"}},"ChoiceOrder":[1,2,3,4,5],"Validation":{"Settings":{"ForceResponse":"OFF","Type":"None"}},"GradingData":[],"Language":[],"NextChoiceId":6,"NextAnswerId":8,"Answers":{"1":{"Display":"1"},"2":{"Display":"2"},"3":{"Display":"3"},"4":{"Display":"4"},"5":{"Display":"5"},"6":{"Display":"6"},"7":{"Display":"7"}},"AnswerOrder":[1,2,3,4,5,6,7],"AnswerColumns":7,"ChoiceDataExportTags":false,"QuestionID":"QID23"}},{"SurveyID":"SV_1Y2iKa7jcSh4wxU","Element":"SQ","PrimaryAttribute":"QID30","SecondaryAttribute":"To me, feeling personal involved in this charity is:","TertiaryAttribute":null,"Payload":{"QuestionText":"To me, feeling personal involved in this charity is:","DefaultChoices":false,"DataExportTag":"Q30","QuestionType":"Matrix","Selector":"Bipolar","DataVisibility":{"Private":false,"Hidden":false},"Configuration":{"QuestionDescriptionOption":"UseText","TextPosition":"inline","ChoiceColumnWidthPixels":293,"RepeatHeaders":"none","WhiteSpace":"OFF","MobileFirst":true},"QuestionDescription":"To me, feeling personal involved in this charity is:","Choices":{"1":{"Display":"Relevant:Irrelevant"},"2":{"Display":"Important:Unimportant"},"3":{"Display":"Means a lot to me:Means nothing to me"},"4":{"Display":"Valuable:Worthless"},"5":{"Display":"Needed:Not needed"}},"ChoiceOrder":[1,2,3,4,5],"Validation":{"Settings":{"ForceResponse":"OFF","Type":"None"}},"GradingData":[],"Language":[],"NextChoiceId":6,"NextAnswerId":8,"Answers":{"1":{"Display":"1"},"2":{"Display":"2"},"3":{"Display":"3"},"4":{"Display":"4"},"5":{"Display":"5"},"6":{"Display":"6"},"7":{"Display":"7"}},"AnswerOrder":[1,2,3,4,5,6,7],"AnswerColumns":7,"ChoiceDataExportTags":false,"QuestionID":"QID30"}},{"SurveyID":"SV_1Y2iKa7jcSh4wxU","Element":"SQ","PrimaryAttribute":"QID48","SecondaryAttribute":"What gender do you identify with?","TertiaryAttribute":null,"Payload":{"QuestionText":"What gender do you identify with?<br>","DefaultChoices":false,"DataExportTag":"Gender","QuestionType":"MC","Selector":"SAVR","SubSelector":"TX","Configuration":{"QuestionDescriptionOption":"UseText"},"QuestionDescription":"What gender do you identify with?","Choices":{"1":{"Display":"Male"},"2":{"Display":"Female"},"3":{"Display":"Neither, both, something else"}},"ChoiceOrder":["1","2","3"],"Validation":{"Settings":{"ForceResponse":"OFF","Type":"None"}},"GradingData":[],"Language":[],"NextChoiceId":4,"NextAnswerId":1,"QuestionID":"QID48","DataVisibility":{"Private":false,"Hidden":false}}},{"SurveyID":"SV_1Y2iKa7jcSh4wxU","Element":"SQ","PrimaryAttribute":"QID49","SecondaryAttribute":"What is your age?","TertiaryAttribute":null,"Payload":{"QuestionText":"What is your age?<br>","DefaultChoices":false,"DataExportTag":"Age","QuestionID":"QID49","QuestionType":"TE","Selector":"SL","DataVisibility":{"Private":false,"Hidden":false},"Configuration":{"QuestionDescriptionOption":"UseText"},"QuestionDescription":"What is your age?","Validation":{"Settings":{"ForceResponse":"OFF","Type":"None"}},"GradingData":[],"Language":[],"NextChoiceId":4,"NextAnswerId":1,"SearchSource":{"AllowFreeResponse":"false"}}}]}